// !$*UTF8*$!
{
	archiveVersion = 1;
	classes = {
	};
	objectVersion = 56;
	objects = {

/* Begin PBXBuildFile section */
		951B5C872BAAC80A008AEE98 /* gest.swift in Sources */ = {isa = PBXBuildFile; fileRef = 951B5C862BAAC80A008AEE98 /* gest.swift */; };
		951B5CC82BAAD36A008AEE98 /* TouchableView.swift in Sources */ = {isa = PBXBuildFile; fileRef = 951B5CC72BAAD36A008AEE98 /* TouchableView.swift */; };
		95C1BD4C2BA7EB0F00E1CE95 /* AppDelegate.swift in Sources */ = {isa = PBXBuildFile; fileRef = 95C1BD4B2BA7EB0F00E1CE95 /* AppDelegate.swift */; };
		95C1BD4E2BA7EB0F00E1CE95 /* SceneDelegate.swift in Sources */ = {isa = PBXBuildFile; fileRef = 95C1BD4D2BA7EB0F00E1CE95 /* SceneDelegate.swift */; };
		95C1BD502BA7EB0F00E1CE95 /* ViewController.swift in Sources */ = {isa = PBXBuildFile; fileRef = 95C1BD4F2BA7EB0F00E1CE95 /* ViewController.swift */; };
		95C1BD532BA7EB0F00E1CE95 /* Main.storyboard in Resources */ = {isa = PBXBuildFile; fileRef = 95C1BD512BA7EB0F00E1CE95 /* Main.storyboard */; };
		95C1BD552BA7EB1100E1CE95 /* Assets.xcassets in Resources */ = {isa = PBXBuildFile; fileRef = 95C1BD542BA7EB1100E1CE95 /* Assets.xcassets */; };
		95C1BD582BA7EB1100E1CE95 /* LaunchScreen.storyboard in Resources */ = {isa = PBXBuildFile; fileRef = 95C1BD562BA7EB1100E1CE95 /* LaunchScreen.storyboard */; };
		95C1BD632BA7EB1100E1CE95 /* touchEventTests.swift in Sources */ = {isa = PBXBuildFile; fileRef = 95C1BD622BA7EB1100E1CE95 /* touchEventTests.swift */; };
		95C1BD6D2BA7EB1100E1CE95 /* touchEventUITests.swift in Sources */ = {isa = PBXBuildFile; fileRef = 95C1BD6C2BA7EB1100E1CE95 /* touchEventUITests.swift */; };
		95C1BD6F2BA7EB1100E1CE95 /* touchEventUITestsLaunchTests.swift in Sources */ = {isa = PBXBuildFile; fileRef = 95C1BD6E2BA7EB1100E1CE95 /* touchEventUITestsLaunchTests.swift */; };
/* End PBXBuildFile section */

/* Begin PBXContainerItemProxy section */
		95C1BD5F2BA7EB1100E1CE95 /* PBXContainerItemProxy */ = {
			isa = PBXContainerItemProxy;
			containerPortal = 95C1BD402BA7EB0E00E1CE95 /* Project object */;
			proxyType = 1;
			remoteGlobalIDString = 95C1BD472BA7EB0E00E1CE95;
			remoteInfo = touchEvent;
		};
		95C1BD692BA7EB1100E1CE95 /* PBXContainerItemProxy */ = {
			isa = PBXContainerItemProxy;
			containerPortal = 95C1BD402BA7EB0E00E1CE95 /* Project object */;
			proxyType = 1;
			remoteGlobalIDString = 95C1BD472BA7EB0E00E1CE95;
			remoteInfo = touchEvent;
		};
/* End PBXContainerItemProxy section */

/* Begin PBXFileReference section */
		951B5C862BAAC80A008AEE98 /* gest.swift */ = {isa = PBXFileReference; lastKnownFileType = sourcecode.swift; path = gest.swift; sourceTree = "<group>"; };
		951B5CC72BAAD36A008AEE98 /* TouchableView.swift */ = {isa = PBXFileReference; lastKnownFileType = sourcecode.swift; path = TouchableView.swift; sourceTree = "<group>"; };
		95C1BD482BA7EB0E00E1CE95 /* touchEvent.app */ = {isa = PBXFileReference; explicitFileType = wrapper.application; includeInIndex = 0; path = touchEvent.app; sourceTree = BUILT_PRODUCTS_DIR; };
		95C1BD4B2BA7EB0F00E1CE95 /* AppDelegate.swift */ = {isa = PBXFileReference; lastKnownFileType = sourcecode.swift; path = AppDelegate.swift; sourceTree = "<group>"; };
		95C1BD4D2BA7EB0F00E1CE95 /* SceneDelegate.swift */ = {isa = PBXFileReference; lastKnownFileType = sourcecode.swift; path = SceneDelegate.swift; sourceTree = "<group>"; };
		95C1BD4F2BA7EB0F00E1CE95 /* ViewController.swift */ = {isa = PBXFileReference; lastKnownFileType = sourcecode.swift; path = ViewController.swift; sourceTree = "<group>"; };
		95C1BD522BA7EB0F00E1CE95 /* Base */ = {isa = PBXFileReference; lastKnownFileType = file.storyboard; name = Base; path = Base.lproj/Main.storyboard; sourceTree = "<group>"; };
		95C1BD542BA7EB1100E1CE95 /* Assets.xcassets */ = {isa = PBXFileReference; lastKnownFileType = folder.assetcatalog; path = Assets.xcassets; sourceTree = "<group>"; };
		95C1BD572BA7EB1100E1CE95 /* Base */ = {isa = PBXFileReference; lastKnownFileType = file.storyboard; name = Base; path = Base.lproj/LaunchScreen.storyboard; sourceTree = "<group>"; };
		95C1BD592BA7EB1100E1CE95 /* Info.plist */ = {isa = PBXFileReference; lastKnownFileType = text.plist.xml; path = Info.plist; sourceTree = "<group>"; };
		95C1BD5E2BA7EB1100E1CE95 /* touchEventTests.xctest */ = {isa = PBXFileReference; explicitFileType = wrapper.cfbundle; includeInIndex = 0; path = touchEventTests.xctest; sourceTree = BUILT_PRODUCTS_DIR; };
		95C1BD622BA7EB1100E1CE95 /* touchEventTests.swift */ = {isa = PBXFileReference; lastKnownFileType = sourcecode.swift; path = touchEventTests.swift; sourceTree = "<group>"; };
		95C1BD682BA7EB1100E1CE95 /* touchEventUITests.xctest */ = {isa = PBXFileReference; explicitFileType = wrapper.cfbundle; includeInIndex = 0; path = touchEventUITests.xctest; sourceTree = BUILT_PRODUCTS_DIR; };
		95C1BD6C2BA7EB1100E1CE95 /* touchEventUITests.swift */ = {isa = PBXFileReference; lastKnownFileType = sourcecode.swift; path = touchEventUITests.swift; sourceTree = "<group>"; };
		95C1BD6E2BA7EB1100E1CE95 /* touchEventUITestsLaunchTests.swift */ = {isa = PBXFileReference; lastKnownFileType = sourcecode.swift; path = touchEventUITestsLaunchTests.swift; sourceTree = "<group>"; };
/* End PBXFileReference section */

/* Begin PBXFrameworksBuildPhase section */
		95C1BD452BA7EB0E00E1CE95 /* Frameworks */ = {
			isa = PBXFrameworksBuildPhase;
			buildActionMask = 2147483647;
			files = (
			);
			runOnlyForDeploymentPostprocessing = 0;
		};
		95C1BD5B2BA7EB1100E1CE95 /* Frameworks */ = {
			isa = PBXFrameworksBuildPhase;
			buildActionMask = 2147483647;
			files = (
			);
			runOnlyForDeploymentPostprocessing = 0;
		};
		95C1BD652BA7EB1100E1CE95 /* Frameworks */ = {
			isa = PBXFrameworksBuildPhase;
			buildActionMask = 2147483647;
			files = (
			);
			runOnlyForDeploymentPostprocessing = 0;
		};
/* End PBXFrameworksBuildPhase section */

/* Begin PBXGroup section */
		95C1BD3F2BA7EB0E00E1CE95 = {
			isa = PBXGroup;
			children = (
				951B5C862BAAC80A008AEE98 /* gest.swift */,
				95C1BD4A2BA7EB0F00E1CE95 /* touchEvent */,
				95C1BD612BA7EB1100E1CE95 /* touchEventTests */,
				95C1BD6B2BA7EB1100E1CE95 /* touchEventUITests */,
				95C1BD492BA7EB0E00E1CE95 /* Products */,
			);
			sourceTree = "<group>";
		};
		95C1BD492BA7EB0E00E1CE95 /* Products */ = {
			isa = PBXGroup;
			children = (
				95C1BD482BA7EB0E00E1CE95 /* touchEvent.app */,
				95C1BD5E2BA7EB1100E1CE95 /* touchEventTests.xctest */,
				95C1BD682BA7EB1100E1CE95 /* touchEventUITests.xctest */,
			);
			name = Products;
			sourceTree = "<group>";
		};
		95C1BD4A2BA7EB0F00E1CE95 /* touchEvent */ = {
			isa = PBXGroup;
			children = (
				95C1BD4B2BA7EB0F00E1CE95 /* AppDelegate.swift */,
				95C1BD4D2BA7EB0F00E1CE95 /* SceneDelegate.swift */,
				95C1BD4F2BA7EB0F00E1CE95 /* ViewController.swift */,
				951B5CC72BAAD36A008AEE98 /* TouchableView.swift */,
				95C1BD512BA7EB0F00E1CE95 /* Main.storyboard */,
				95C1BD542BA7EB1100E1CE95 /* Assets.xcassets */,
				95C1BD562BA7EB1100E1CE95 /* LaunchScreen.storyboard */,
				95C1BD592BA7EB1100E1CE95 /* Info.plist */,
			);
			path = touchEvent;
			sourceTree = "<group>";
		};
		95C1BD612BA7EB1100E1CE95 /* touchEventTests */ = {
			isa = PBXGroup;
			children = (
				95C1BD622BA7EB1100E1CE95 /* touchEventTests.swift */,
			);
			path = touchEventTests;
			sourceTree = "<group>";
		};
		95C1BD6B2BA7EB1100E1CE95 /* touchEventUITests */ = {
			isa = PBXGroup;
			children = (
				95C1BD6C2BA7EB1100E1CE95 /* touchEventUITests.swift */,
				95C1BD6E2BA7EB1100E1CE95 /* touchEventUITestsLaunchTests.swift */,
			);
			path = touchEventUITests;
			sourceTree = "<group>";
		};
/* End PBXGroup section */

/* Begin PBXNativeTarget section */
		95C1BD472BA7EB0E00E1CE95 /* touchEvent */ = {
			isa = PBXNativeTarget;
			buildConfigurationList = 95C1BD722BA7EB1100E1CE95 /* Build configuration list for PBXNativeTarget "touchEvent" */;
			buildPhases = (
				95C1BD442BA7EB0E00E1CE95 /* Sources */,
				95C1BD452BA7EB0E00E1CE95 /* Frameworks */,
				95C1BD462BA7EB0E00E1CE95 /* Resources */,
			);
			buildRules = (
			);
			dependencies = (
			);
			name = touchEvent;
			productName = touchEvent;
			productReference = 95C1BD482BA7EB0E00E1CE95 /* touchEvent.app */;
			productType = "com.apple.product-type.application";
		};
		95C1BD5D2BA7EB1100E1CE95 /* touchEventTests */ = {
			isa = PBXNativeTarget;
			buildConfigurationList = 95C1BD752BA7EB1100E1CE95 /* Build configuration list for PBXNativeTarget "touchEventTests" */;
			buildPhases = (
				95C1BD5A2BA7EB1100E1CE95 /* Sources */,
				95C1BD5B2BA7EB1100E1CE95 /* Frameworks */,
				95C1BD5C2BA7EB1100E1CE95 /* Resources */,
			);
			buildRules = (
			);
			dependencies = (
				95C1BD602BA7EB1100E1CE95 /* PBXTargetDependency */,
			);
			name = touchEventTests;
			productName = touchEventTests;
			productReference = 95C1BD5E2BA7EB1100E1CE95 /* touchEventTests.xctest */;
			productType = "com.apple.product-type.bundle.unit-test";
		};
		95C1BD672BA7EB1100E1CE95 /* touchEventUITests */ = {
			isa = PBXNativeTarget;
			buildConfigurationList = 95C1BD782BA7EB1100E1CE95 /* Build configuration list for PBXNativeTarget "touchEventUITests" */;
			buildPhases = (
				95C1BD642BA7EB1100E1CE95 /* Sources */,
				95C1BD652BA7EB1100E1CE95 /* Frameworks */,
				95C1BD662BA7EB1100E1CE95 /* Resources */,
			);
			buildRules = (
			);
			dependencies = (
				95C1BD6A2BA7EB1100E1CE95 /* PBXTargetDependency */,
			);
			name = touchEventUITests;
			productName = touchEventUITests;
			productReference = 95C1BD682BA7EB1100E1CE95 /* touchEventUITests.xctest */;
			productType = "com.apple.product-type.bundle.ui-testing";
		};
/* End PBXNativeTarget section */

/* Begin PBXProject section */
		95C1BD402BA7EB0E00E1CE95 /* Project object */ = {
			isa = PBXProject;
			attributes = {
				BuildIndependentTargetsInParallel = 1;
				LastSwiftUpdateCheck = 1420;
				LastUpgradeCheck = 1420;
				TargetAttributes = {
					95C1BD472BA7EB0E00E1CE95 = {
						CreatedOnToolsVersion = 14.2;
					};
					95C1BD5D2BA7EB1100E1CE95 = {
						CreatedOnToolsVersion = 14.2;
						TestTargetID = 95C1BD472BA7EB0E00E1CE95;
					};
					95C1BD672BA7EB1100E1CE95 = {
						CreatedOnToolsVersion = 14.2;
						TestTargetID = 95C1BD472BA7EB0E00E1CE95;
					};
				};
			};
			buildConfigurationList = 95C1BD432BA7EB0E00E1CE95 /* Build configuration list for PBXProject "touchEvent" */;
			compatibilityVersion = "Xcode 14.0";
			developmentRegion = en;
			hasScannedForEncodings = 0;
			knownRegions = (
				en,
				Base,
			);
			mainGroup = 95C1BD3F2BA7EB0E00E1CE95;
			productRefGroup = 95C1BD492BA7EB0E00E1CE95 /* Products */;
			projectDirPath = "";
			projectRoot = "";
			targets = (
				95C1BD472BA7EB0E00E1CE95 /* touchEvent */,
				95C1BD5D2BA7EB1100E1CE95 /* touchEventTests */,
				95C1BD672BA7EB1100E1CE95 /* touchEventUITests */,
			);
		};
/* End PBXProject section */

/* Begin PBXResourcesBuildPhase section */
		95C1BD462BA7EB0E00E1CE95 /* Resources */ = {
			isa = PBXResourcesBuildPhase;
			buildActionMask = 2147483647;
			files = (
				95C1BD582BA7EB1100E1CE95 /* LaunchScreen.storyboard in Resources */,
				95C1BD552BA7EB1100E1CE95 /* Assets.xcassets in Resources */,
				95C1BD532BA7EB0F00E1CE95 /* Main.storyboard in Resources */,
			);
			runOnlyForDeploymentPostprocessing = 0;
		};
		95C1BD5C2BA7EB1100E1CE95 /* Resources */ = {
			isa = PBXResourcesBuildPhase;
			buildActionMask = 2147483647;
			files = (
			);
			runOnlyForDeploymentPostprocessing = 0;
		};
		95C1BD662BA7EB1100E1CE95 /* Resources */ = {
			isa = PBXResourcesBuildPhase;
			buildActionMask = 2147483647;
			files = (
			);
			runOnlyForDeploymentPostprocessing = 0;
		};
/* End PBXResourcesBuildPhase section */

/* Begin PBXSourcesBuildPhase section */
		95C1BD442BA7EB0E00E1CE95 /* Sources */ = {
			isa = PBXSourcesBuildPhase;
			buildActionMask = 2147483647;
			files = (
				951B5CC82BAAD36A008AEE98 /* TouchableView.swift in Sources */,
				951B5C872BAAC80A008AEE98 /* gest.swift in Sources */,
				95C1BD502BA7EB0F00E1CE95 /* ViewController.swift in Sources */,
				95C1BD4C2BA7EB0F00E1CE95 /* AppDelegate.swift in Sources */,
				95C1BD4E2BA7EB0F00E1CE95 /* SceneDelegate.swift in Sources */,
			);
			runOnlyForDeploymentPostprocessing = 0;
		};
		95C1BD5A2BA7EB1100E1CE95 /* Sources */ = {
			isa = PBXSourcesBuildPhase;
			buildActionMask = 2147483647;
			files = (
				95C1BD632BA7EB1100E1CE95 /* touchEventTests.swift in Sources */,
			);
			runOnlyForDeploymentPostprocessing = 0;
		};
		95C1BD642BA7EB1100E1CE95 /* Sources */ = {
			isa = PBXSourcesBuildPhase;
			buildActionMask = 2147483647;
			files = (
				95C1BD6D2BA7EB1100E1CE95 /* touchEventUITests.swift in Sources */,
				95C1BD6F2BA7EB1100E1CE95 /* touchEventUITestsLaunchTests.swift in Sources */,
			);
			runOnlyForDeploymentPostprocessing = 0;
		};
/* End PBXSourcesBuildPhase section */

/* Begin PBXTargetDependency section */
		95C1BD602BA7EB1100E1CE95 /* PBXTargetDependency */ = {
			isa = PBXTargetDependency;
			target = 95C1BD472BA7EB0E00E1CE95 /* touchEvent */;
			targetProxy = 95C1BD5F2BA7EB1100E1CE95 /* PBXContainerItemProxy */;
		};
		95C1BD6A2BA7EB1100E1CE95 /* PBXTargetDependency */ = {
			isa = PBXTargetDependency;
			target = 95C1BD472BA7EB0E00E1CE95 /* touchEvent */;
			targetProxy = 95C1BD692BA7EB1100E1CE95 /* PBXContainerItemProxy */;
		};
/* End PBXTargetDependency section */

/* Begin PBXVariantGroup section */
		95C1BD512BA7EB0F00E1CE95 /* Main.storyboard */ = {
			isa = PBXVariantGroup;
			children = (
				95C1BD522BA7EB0F00E1CE95 /* Base */,
			);
			name = Main.storyboard;
			sourceTree = "<group>";
		};
		95C1BD562BA7EB1100E1CE95 /* LaunchScreen.storyboard */ = {
			isa = PBXVariantGroup;
			children = (
				95C1BD572BA7EB1100E1CE95 /* Base */,
			);
			name = LaunchScreen.storyboard;
			sourceTree = "<group>";
		};
/* End PBXVariantGroup section */

/* Begin XCBuildConfiguration section */
		95C1BD702BA7EB1100E1CE95 /* Debug */ = {
			isa = XCBuildConfiguration;
			buildSettings = {
				ALWAYS_SEARCH_USER_PATHS = NO;
				CLANG_ANALYZER_NONNULL = YES;
				CLANG_ANALYZER_NUMBER_OBJECT_CONVERSION = YES_AGGRESSIVE;
				CLANG_CXX_LANGUAGE_STANDARD = "gnu++20";
				CLANG_ENABLE_MODULES = YES;
				CLANG_ENABLE_OBJC_ARC = YES;
				CLANG_ENABLE_OBJC_WEAK = YES;
				CLANG_WARN_BLOCK_CAPTURE_AUTORELEASING = YES;
				CLANG_WARN_BOOL_CONVERSION = YES;
				CLANG_WARN_COMMA = YES;
				CLANG_WARN_CONSTANT_CONVERSION = YES;
				CLANG_WARN_DEPRECATED_OBJC_IMPLEMENTATIONS = YES;
				CLANG_WARN_DIRECT_OBJC_ISA_USAGE = YES_ERROR;
				CLANG_WARN_DOCUMENTATION_COMMENTS = YES;
				CLANG_WARN_EMPTY_BODY = YES;
				CLANG_WARN_ENUM_CONVERSION = YES;
				CLANG_WARN_INFINITE_RECURSION = YES;
				CLANG_WARN_INT_CONVERSION = YES;
				CLANG_WARN_NON_LITERAL_NULL_CONVERSION = YES;
				CLANG_WARN_OBJC_IMPLICIT_RETAIN_SELF = YES;
				CLANG_WARN_OBJC_LITERAL_CONVERSION = YES;
				CLANG_WARN_OBJC_ROOT_CLASS = YES_ERROR;
				CLANG_WARN_QUOTED_INCLUDE_IN_FRAMEWORK_HEADER = YES;
				CLANG_WARN_RANGE_LOOP_ANALYSIS = YES;
				CLANG_WARN_STRICT_PROTOTYPES = YES;
				CLANG_WARN_SUSPICIOUS_MOVE = YES;
				CLANG_WARN_UNGUARDED_AVAILABILITY = YES_AGGRESSIVE;
				CLANG_WARN_UNREACHABLE_CODE = YES;
				CLANG_WARN__DUPLICATE_METHOD_MATCH = YES;
				COPY_PHASE_STRIP = NO;
				DEBUG_INFORMATION_FORMAT = dwarf;
				ENABLE_STRICT_OBJC_MSGSEND = YES;
				ENABLE_TESTABILITY = YES;
				GCC_C_LANGUAGE_STANDARD = gnu11;
				GCC_DYNAMIC_NO_PIC = NO;
				GCC_NO_COMMON_BLOCKS = YES;
				GCC_OPTIMIZATION_LEVEL = 0;
				GCC_PREPROCESSOR_DEFINITIONS = (
					"DEBUG=1",
					"$(inherited)",
				);
				GCC_WARN_64_TO_32_BIT_CONVERSION = YES;
				GCC_WARN_ABOUT_RETURN_TYPE = YES_ERROR;
				GCC_WARN_UNDECLARED_SELECTOR = YES;
				GCC_WARN_UNINITIALIZED_AUTOS = YES_AGGRESSIVE;
				GCC_WARN_UNUSED_FUNCTION = YES;
				GCC_WARN_UNUSED_VARIABLE = YES;
				IPHONEOS_DEPLOYMENT_TARGET = 16.2;
				MTL_ENABLE_DEBUG_INFO = INCLUDE_SOURCE;
				MTL_FAST_MATH = YES;
				ONLY_ACTIVE_ARCH = YES;
				SDKROOT = iphoneos;
				SWIFT_ACTIVE_COMPILATION_CONDITIONS = DEBUG;
				SWIFT_OPTIMIZATION_LEVEL = "-Onone";
			};
			name = Debug;
		};
		95C1BD712BA7EB1100E1CE95 /* Release */ = {
			isa = XCBuildConfiguration;
			buildSettings = {
				ALWAYS_SEARCH_USER_PATHS = NO;
				CLANG_ANALYZER_NONNULL = YES;
				CLANG_ANALYZER_NUMBER_OBJECT_CONVERSION = YES_AGGRESSIVE;
				CLANG_CXX_LANGUAGE_STANDARD = "gnu++20";
				CLANG_ENABLE_MODULES = YES;
				CLANG_ENABLE_OBJC_ARC = YES;
				CLANG_ENABLE_OBJC_WEAK = YES;
				CLANG_WARN_BLOCK_CAPTURE_AUTORELEASING = YES;
				CLANG_WARN_BOOL_CONVERSION = YES;
				CLANG_WARN_COMMA = YES;
				CLANG_WARN_CONSTANT_CONVERSION = YES;
				CLANG_WARN_DEPRECATED_OBJC_IMPLEMENTATIONS = YES;
				CLANG_WARN_DIRECT_OBJC_ISA_USAGE = YES_ERROR;
				CLANG_WARN_DOCUMENTATION_COMMENTS = YES;
				CLANG_WARN_EMPTY_BODY = YES;
				CLANG_WARN_ENUM_CONVERSION = YES;
				CLANG_WARN_INFINITE_RECURSION = YES;
				CLANG_WARN_INT_CONVERSION = YES;
				CLANG_WARN_NON_LITERAL_NULL_CONVERSION = YES;
				CLANG_WARN_OBJC_IMPLICIT_RETAIN_SELF = YES;
				CLANG_WARN_OBJC_LITERAL_CONVERSION = YES;
				CLANG_WARN_OBJC_ROOT_CLASS = YES_ERROR;
				CLANG_WARN_QUOTED_INCLUDE_IN_FRAMEWORK_HEADER = YES;
				CLANG_WARN_RANGE_LOOP_ANALYSIS = YES;
				CLANG_WARN_STRICT_PROTOTYPES = YES;
				CLANG_WARN_SUSPICIOUS_MOVE = YES;
				CLANG_WARN_UNGUARDED_AVAILABILITY = YES_AGGRESSIVE;
				CLANG_WARN_UNREACHABLE_CODE = YES;
				CLANG_WARN__DUPLICATE_METHOD_MATCH = YES;
				COPY_PHASE_STRIP = NO;
				DEBUG_INFORMATION_FORMAT = "dwarf-with-dsym";
				ENABLE_NS_ASSERTIONS = NO;
				ENABLE_STRICT_OBJC_MSGSEND = YES;
				GCC_C_LANGUAGE_STANDARD = gnu11;
				GCC_NO_COMMON_BLOCKS = YES;
				GCC_WARN_64_TO_32_BIT_CONVERSION = YES;
				GCC_WARN_ABOUT_RETURN_TYPE = YES_ERROR;
				GCC_WARN_UNDECLARED_SELECTOR = YES;
				GCC_WARN_UNINITIALIZED_AUTOS = YES_AGGRESSIVE;
				GCC_WARN_UNUSED_FUNCTION = YES;
				GCC_WARN_UNUSED_VARIABLE = YES;
				IPHONEOS_DEPLOYMENT_TARGET = 16.2;
				MTL_ENABLE_DEBUG_INFO = NO;
				MTL_FAST_MATH = YES;
				SDKROOT = iphoneos;
				SWIFT_COMPILATION_MODE = wholemodule;
				SWIFT_OPTIMIZATION_LEVEL = "-O";
				VALIDATE_PRODUCT = YES;
			};
			name = Release;
		};
		95C1BD732BA7EB1100E1CE95 /* Debug */ = {
			isa = XCBuildConfiguration;
			buildSettings = {
				ASSETCATALOG_COMPILER_APPICON_NAME = AppIcon;
				ASSETCATALOG_COMPILER_GLOBAL_ACCENT_COLOR_NAME = AccentColor;
				CODE_SIGN_STYLE = Automatic;
				CURRENT_PROJECT_VERSION = 1;
				GENERATE_INFOPLIST_FILE = YES;
				INFOPLIST_FILE = touchEvent/Info.plist;
				INFOPLIST_KEY_UIApplicationSupportsIndirectInputEvents = YES;
				INFOPLIST_KEY_UILaunchStoryboardName = LaunchScreen;
				INFOPLIST_KEY_UIMainStoryboardFile = Main;
				INFOPLIST_KEY_UISupportedInterfaceOrientations_iPad = "UIInterfaceOrientationPortrait UIInterfaceOrientationPortraitUpsideDown UIInterfaceOrientationLandscapeLeft UIInterfaceOrientationLandscapeRight";
				INFOPLIST_KEY_UISupportedInterfaceOrientations_iPhone = "UIInterfaceOrientationPortrait UIInterfaceOrientationLandscapeLeft UIInterfaceOrientationLandscapeRight";
				LD_RUNPATH_SEARCH_PATHS = (
					"$(inherited)",
					"@executable_path/Frameworks",
				);
				MARKETING_VERSION = 1.0;
				PRODUCT_BUNDLE_IDENTIFIER = UTU.touchEvent;
				PRODUCT_NAME = "$(TARGET_NAME)";
				SWIFT_EMIT_LOC_STRINGS = YES;
				SWIFT_VERSION = 5.0;
				TARGETED_DEVICE_FAMILY = "1,2";
			};
			name = Debug;
		};
		95C1BD742BA7EB1100E1CE95 /* Release */ = {
			isa = XCBuildConfiguration;
			buildSettings = {
				ASSETCATALOG_COMPILER_APPICON_NAME = AppIcon;
				ASSETCATALOG_COMPILER_GLOBAL_ACCENT_COLOR_NAME = AccentColor;
				CODE_SIGN_STYLE = Automatic;
				CURRENT_PROJECT_VERSION = 1;
				GENERATE_INFOPLIST_FILE = YES;
				INFOPLIST_FILE = touchEvent/Info.plist;
				INFOPLIST_KEY_UIApplicationSupportsIndirectInputEvents = YES;
				INFOPLIST_KEY_UILaunchStoryboardName = LaunchScreen;
				INFOPLIST_KEY_UIMainStoryboardFile = Main;
				INFOPLIST_KEY_UISupportedInterfaceOrientations_iPad = "UIInterfaceOrientationPortrait UIInterfaceOrientationPortraitUpsideDown UIInterfaceOrientationLandscapeLeft UIInterfaceOrientationLandscapeRight";
				INFOPLIST_KEY_UISupportedInterfaceOrientations_iPhone = "UIInterfaceOrientationPortrait UIInterfaceOrientationLandscapeLeft UIInterfaceOrientationLandscapeRight";
				LD_RUNPATH_SEARCH_PATHS = (
					"$(inherited)",
					"@executable_path/Frameworks",
				);
				MARKETING_VERSION = 1.0;
				PRODUCT_BUNDLE_IDENTIFIER = UTU.touchEvent;
				PRODUCT_NAME = "$(TARGET_NAME)";
				SWIFT_EMIT_LOC_STRINGS = YES;
				SWIFT_VERSION = 5.0;
				TARGETED_DEVICE_FAMILY = "1,2";
			};
			name = Release;
		};
		95C1BD762BA7EB1100E1CE95 /* Debug */ = {
			isa = XCBuildConfiguration;
			buildSettings = {
				ALWAYS_EMBED_SWIFT_STANDARD_LIBRARIES = YES;
				BUNDLE_LOADER = "$(TEST_HOST)";
				CODE_SIGN_STYLE = Automatic;
				CURRENT_PROJECT_VERSION = 1;
				GENERATE_INFOPLIST_FILE = YES;
				IPHONEOS_DEPLOYMENT_TARGET = 16.2;
				MARKETING_VERSION = 1.0;
				PRODUCT_BUNDLE_IDENTIFIER = UTU.touchEventTests;
				PRODUCT_NAME = "$(TARGET_NAME)";
				SWIFT_EMIT_LOC_STRINGS = NO;
				SWIFT_VERSION = 5.0;
				TARGETED_DEVICE_FAMILY = "1,2";
				TEST_HOST = "$(BUILT_PRODUCTS_DIR)/touchEvent.app/$(BUNDLE_EXECUTABLE_FOLDER_PATH)/touchEvent";
			};
			name = Debug;
		};
		95C1BD772BA7EB1100E1CE95 /* Release */ = {
			isa = XCBuildConfiguration;
			buildSettings = {
				ALWAYS_EMBED_SWIFT_STANDARD_LIBRARIES = YES;
				BUNDLE_LOADER = "$(TEST_HOST)";
				CODE_SIGN_STYLE = Automatic;
				CURRENT_PROJECT_VERSION = 1;
				GENERATE_INFOPLIST_FILE = YES;
				IPHONEOS_DEPLOYMENT_TARGET = 16.2;
				MARKETING_VERSION = 1.0;
				PRODUCT_BUNDLE_IDENTIFIER = UTU.touchEventTests;
				PRODUCT_NAME = "$(TARGET_NAME)";
				SWIFT_EMIT_LOC_STRINGS = NO;
				SWIFT_VERSION = 5.0;
				TARGETED_DEVICE_FAMILY = "1,2";
				TEST_HOST = "$(BUILT_PRODUCTS_DIR)/touchEvent.app/$(BUNDLE_EXECUTABLE_FOLDER_PATH)/touchEvent";
			};
			name = Release;
		};
		95C1BD792BA7EB1100E1CE95 /* Debug */ = {
			isa = XCBuildConfiguration;
			buildSettings = {
				ALWAYS_EMBED_SWIFT_STANDARD_LIBRARIES = YES;
				CODE_SIGN_STYLE = Automatic;
				CURRENT_PROJECT_VERSION = 1;
				GENERATE_INFOPLIST_FILE = YES;
				MARKETING_VERSION = 1.0;
				PRODUCT_BUNDLE_IDENTIFIER = UTU.touchEventUITests;
				PRODUCT_NAME = "$(TARGET_NAME)";
				SWIFT_EMIT_LOC_STRINGS = NO;
				SWIFT_VERSION = 5.0;
				TARGETED_DEVICE_FAMILY = "1,2";
				TEST_TARGET_NAME = touchEvent;
			};
			name = Debug;
		};
		95C1BD7A2BA7EB1100E1CE95 /* Release */ = {
			isa = XCBuildConfiguration;
			buildSettings = {
				ALWAYS_EMBED_SWIFT_STANDARD_LIBRARIES = YES;
				CODE_SIGN_STYLE = Automatic;
				CURRENT_PROJECT_VERSION = 1;
				GENERATE_INFOPLIST_FILE = YES;
				MARKETING_VERSION = 1.0;
				PRODUCT_BUNDLE_IDENTIFIER = UTU.touchEventUITests;
				PRODUCT_NAME = "$(TARGET_NAME)";
				SWIFT_EMIT_LOC_STRINGS = NO;
				SWIFT_VERSION = 5.0;
				TARGETED_DEVICE_FAMILY = "1,2";
				TEST_TARGET_NAME = touchEvent;
			};
			name = Release;
		};
/* End XCBuildConfiguration section */

/* Begin XCConfigurationList section */
		95C1BD432BA7EB0E00E1CE95 /* Build configuration list for PBXProject "touchEvent" */ = {
			isa = XCConfigurationList;
			buildConfigurations = (
				95C1BD702BA7EB1100E1CE95 /* Debug */,
				95C1BD712BA7EB1100E1CE95 /* Release */,
			);
			defaultConfigurationIsVisible = 0;
			defaultConfigurationName = Release;
		};
		95C1BD722BA7EB1100E1CE95 /* Build configuration list for PBXNativeTarget "touchEvent" */ = {
			isa = XCConfigurationList;
			buildConfigurations = (
				95C1BD732BA7EB1100E1CE95 /* Debug */,
				95C1BD742BA7EB1100E1CE95 /* Release */,
			);
			defaultConfigurationIsVisible = 0;
			defaultConfigurationName = Release;
		};
		95C1BD752BA7EB1100E1CE95 /* Build configuration list for PBXNativeTarget "touchEventTests" */ = {
			isa = XCConfigurationList;
			buildConfigurations = (
				95C1BD762BA7EB1100E1CE95 /* Debug */,
				95C1BD772BA7EB1100E1CE95 /* Release */,
			);
			defaultConfigurationIsVisible = 0;
			defaultConfigurationName = Release;
		};
		95C1BD782BA7EB1100E1CE95 /* Build configuration list for PBXNativeTarget "touchEventUITests" */ = {
			isa = XCConfigurationList;
			buildConfigurations = (
				95C1BD792BA7EB1100E1CE95 /* Debug */,
				95C1BD7A2BA7EB1100E1CE95 /* Release */,
			);
			defaultConfigurationIsVisible = 0;
			defaultConfigurationName = Release;
		};
/* End XCConfigurationList section */
	};
	rootObject = 95C1BD402BA7EB0E00E1CE95 /* Project object */;
}
