// !$*UTF8*$!
{
	archiveVersion = 1;
	classes = {
	};
	objectVersion = 56;
	objects = {

/* Begin PBXBuildFile section */
		9553AD062B95792D00903377 /* AppDelegate.swift in Sources */ = {isa = PBXBuildFile; fileRef = 9553AD052B95792D00903377 /* AppDelegate.swift */; };
		9553AD082B95792D00903377 /* SceneDelegate.swift in Sources */ = {isa = PBXBuildFile; fileRef = 9553AD072B95792D00903377 /* SceneDelegate.swift */; };
		9553AD0D2B95792D00903377 /* Main.storyboard in Resources */ = {isa = PBXBuildFile; fileRef = 9553AD0B2B95792D00903377 /* Main.storyboard */; };
		9553AD0F2B95792F00903377 /* Assets.xcassets in Resources */ = {isa = PBXBuildFile; fileRef = 9553AD0E2B95792F00903377 /* Assets.xcassets */; };
		9553AD122B95792F00903377 /* LaunchScreen.storyboard in Resources */ = {isa = PBXBuildFile; fileRef = 9553AD102B95792F00903377 /* LaunchScreen.storyboard */; };
		9553AD1D2B95792F00903377 /* Table_viewTests.swift in Sources */ = {isa = PBXBuildFile; fileRef = 9553AD1C2B95792F00903377 /* Table_viewTests.swift */; };
		9553AD272B95792F00903377 /* Table_viewUITests.swift in Sources */ = {isa = PBXBuildFile; fileRef = 9553AD262B95792F00903377 /* Table_viewUITests.swift */; };
		9553AD292B95792F00903377 /* Table_viewUITestsLaunchTests.swift in Sources */ = {isa = PBXBuildFile; fileRef = 9553AD282B95792F00903377 /* Table_viewUITestsLaunchTests.swift */; };
		9553AD362B95807D00903377 /* TableViewController.swift in Sources */ = {isa = PBXBuildFile; fileRef = 9553AD352B95807D00903377 /* TableViewController.swift */; };
/* End PBXBuildFile section */

/* Begin PBXContainerItemProxy section */
		9553AD192B95792F00903377 /* PBXContainerItemProxy */ = {
			isa = PBXContainerItemProxy;
			containerPortal = 9553ACFA2B95792D00903377 /* Project object */;
			proxyType = 1;
			remoteGlobalIDString = 9553AD012B95792D00903377;
			remoteInfo = Table_view;
		};
		9553AD232B95792F00903377 /* PBXContainerItemProxy */ = {
			isa = PBXContainerItemProxy;
			containerPortal = 9553ACFA2B95792D00903377 /* Project object */;
			proxyType = 1;
			remoteGlobalIDString = 9553AD012B95792D00903377;
			remoteInfo = Table_view;
		};
/* End PBXContainerItemProxy section */

/* Begin PBXFileReference section */
		9553AD022B95792D00903377 /* Table_view.app */ = {isa = PBXFileReference; explicitFileType = wrapper.application; includeInIndex = 0; path = Table_view.app; sourceTree = BUILT_PRODUCTS_DIR; };
		9553AD052B95792D00903377 /* AppDelegate.swift */ = {isa = PBXFileReference; lastKnownFileType = sourcecode.swift; path = AppDelegate.swift; sourceTree = "<group>"; };
		9553AD072B95792D00903377 /* SceneDelegate.swift */ = {isa = PBXFileReference; lastKnownFileType = sourcecode.swift; path = SceneDelegate.swift; sourceTree = "<group>"; };
		9553AD0C2B95792D00903377 /* Base */ = {isa = PBXFileReference; lastKnownFileType = file.storyboard; name = Base; path = Base.lproj/Main.storyboard; sourceTree = "<group>"; };
		9553AD0E2B95792F00903377 /* Assets.xcassets */ = {isa = PBXFileReference; lastKnownFileType = folder.assetcatalog; path = Assets.xcassets; sourceTree = "<group>"; };
		9553AD112B95792F00903377 /* Base */ = {isa = PBXFileReference; lastKnownFileType = file.storyboard; name = Base; path = Base.lproj/LaunchScreen.storyboard; sourceTree = "<group>"; };
		9553AD132B95792F00903377 /* Info.plist */ = {isa = PBXFileReference; lastKnownFileType = text.plist.xml; path = Info.plist; sourceTree = "<group>"; };
		9553AD182B95792F00903377 /* Table_viewTests.xctest */ = {isa = PBXFileReference; explicitFileType = wrapper.cfbundle; includeInIndex = 0; path = Table_viewTests.xctest; sourceTree = BUILT_PRODUCTS_DIR; };
		9553AD1C2B95792F00903377 /* Table_viewTests.swift */ = {isa = PBXFileReference; lastKnownFileType = sourcecode.swift; path = Table_viewTests.swift; sourceTree = "<group>"; };
		9553AD222B95792F00903377 /* Table_viewUITests.xctest */ = {isa = PBXFileReference; explicitFileType = wrapper.cfbundle; includeInIndex = 0; path = Table_viewUITests.xctest; sourceTree = BUILT_PRODUCTS_DIR; };
		9553AD262B95792F00903377 /* Table_viewUITests.swift */ = {isa = PBXFileReference; lastKnownFileType = sourcecode.swift; path = Table_viewUITests.swift; sourceTree = "<group>"; };
		9553AD282B95792F00903377 /* Table_viewUITestsLaunchTests.swift */ = {isa = PBXFileReference; lastKnownFileType = sourcecode.swift; path = Table_viewUITestsLaunchTests.swift; sourceTree = "<group>"; };
		9553AD352B95807D00903377 /* TableViewController.swift */ = {isa = PBXFileReference; lastKnownFileType = sourcecode.swift; path = TableViewController.swift; sourceTree = "<group>"; };
/* End PBXFileReference section */

/* Begin PBXFrameworksBuildPhase section */
		9553ACFF2B95792D00903377 /* Frameworks */ = {
			isa = PBXFrameworksBuildPhase;
			buildActionMask = 2147483647;
			files = (
			);
			runOnlyForDeploymentPostprocessing = 0;
		};
		9553AD152B95792F00903377 /* Frameworks */ = {
			isa = PBXFrameworksBuildPhase;
			buildActionMask = 2147483647;
			files = (
			);
			runOnlyForDeploymentPostprocessing = 0;
		};
		9553AD1F2B95792F00903377 /* Frameworks */ = {
			isa = PBXFrameworksBuildPhase;
			buildActionMask = 2147483647;
			files = (
			);
			runOnlyForDeploymentPostprocessing = 0;
		};
/* End PBXFrameworksBuildPhase section */

/* Begin PBXGroup section */
		9553ACF92B95792D00903377 = {
			isa = PBXGroup;
			children = (
				9553AD042B95792D00903377 /* Table_view */,
				9553AD1B2B95792F00903377 /* Table_viewTests */,
				9553AD252B95792F00903377 /* Table_viewUITests */,
				9553AD032B95792D00903377 /* Products */,
			);
			sourceTree = "<group>";
		};
		9553AD032B95792D00903377 /* Products */ = {
			isa = PBXGroup;
			children = (
				9553AD022B95792D00903377 /* Table_view.app */,
				9553AD182B95792F00903377 /* Table_viewTests.xctest */,
				9553AD222B95792F00903377 /* Table_viewUITests.xctest */,
			);
			name = Products;
			sourceTree = "<group>";
		};
		9553AD042B95792D00903377 /* Table_view */ = {
			isa = PBXGroup;
			children = (
				9553AD052B95792D00903377 /* AppDelegate.swift */,
				9553AD072B95792D00903377 /* SceneDelegate.swift */,
				9553AD0B2B95792D00903377 /* Main.storyboard */,
				9553AD352B95807D00903377 /* TableViewController.swift */,
				9553AD0E2B95792F00903377 /* Assets.xcassets */,
				9553AD102B95792F00903377 /* LaunchScreen.storyboard */,
				9553AD132B95792F00903377 /* Info.plist */,
			);
			path = Table_view;
			sourceTree = "<group>";
		};
		9553AD1B2B95792F00903377 /* Table_viewTests */ = {
			isa = PBXGroup;
			children = (
				9553AD1C2B95792F00903377 /* Table_viewTests.swift */,
			);
			path = Table_viewTests;
			sourceTree = "<group>";
		};
		9553AD252B95792F00903377 /* Table_viewUITests */ = {
			isa = PBXGroup;
			children = (
				9553AD262B95792F00903377 /* Table_viewUITests.swift */,
				9553AD282B95792F00903377 /* Table_viewUITestsLaunchTests.swift */,
			);
			path = Table_viewUITests;
			sourceTree = "<group>";
		};
/* End PBXGroup section */

/* Begin PBXNativeTarget section */
		9553AD012B95792D00903377 /* Table_view */ = {
			isa = PBXNativeTarget;
			buildConfigurationList = 9553AD2C2B95792F00903377 /* Build configuration list for PBXNativeTarget "Table_view" */;
			buildPhases = (
				9553ACFE2B95792D00903377 /* Sources */,
				9553ACFF2B95792D00903377 /* Frameworks */,
				9553AD002B95792D00903377 /* Resources */,
			);
			buildRules = (
			);
			dependencies = (
			);
			name = Table_view;
			productName = Table_view;
			productReference = 9553AD022B95792D00903377 /* Table_view.app */;
			productType = "com.apple.product-type.application";
		};
		9553AD172B95792F00903377 /* Table_viewTests */ = {
			isa = PBXNativeTarget;
			buildConfigurationList = 9553AD2F2B95792F00903377 /* Build configuration list for PBXNativeTarget "Table_viewTests" */;
			buildPhases = (
				9553AD142B95792F00903377 /* Sources */,
				9553AD152B95792F00903377 /* Frameworks */,
				9553AD162B95792F00903377 /* Resources */,
			);
			buildRules = (
			);
			dependencies = (
				9553AD1A2B95792F00903377 /* PBXTargetDependency */,
			);
			name = Table_viewTests;
			productName = Table_viewTests;
			productReference = 9553AD182B95792F00903377 /* Table_viewTests.xctest */;
			productType = "com.apple.product-type.bundle.unit-test";
		};
		9553AD212B95792F00903377 /* Table_viewUITests */ = {
			isa = PBXNativeTarget;
			buildConfigurationList = 9553AD322B95792F00903377 /* Build configuration list for PBXNativeTarget "Table_viewUITests" */;
			buildPhases = (
				9553AD1E2B95792F00903377 /* Sources */,
				9553AD1F2B95792F00903377 /* Frameworks */,
				9553AD202B95792F00903377 /* Resources */,
			);
			buildRules = (
			);
			dependencies = (
				9553AD242B95792F00903377 /* PBXTargetDependency */,
			);
			name = Table_viewUITests;
			productName = Table_viewUITests;
			productReference = 9553AD222B95792F00903377 /* Table_viewUITests.xctest */;
			productType = "com.apple.product-type.bundle.ui-testing";
		};
/* End PBXNativeTarget section */

/* Begin PBXProject section */
		9553ACFA2B95792D00903377 /* Project object */ = {
			isa = PBXProject;
			attributes = {
				BuildIndependentTargetsInParallel = 1;
				LastSwiftUpdateCheck = 1420;
				LastUpgradeCheck = 1420;
				TargetAttributes = {
					9553AD012B95792D00903377 = {
						CreatedOnToolsVersion = 14.2;
					};
					9553AD172B95792F00903377 = {
						CreatedOnToolsVersion = 14.2;
						TestTargetID = 9553AD012B95792D00903377;
					};
					9553AD212B95792F00903377 = {
						CreatedOnToolsVersion = 14.2;
						TestTargetID = 9553AD012B95792D00903377;
					};
				};
			};
			buildConfigurationList = 9553ACFD2B95792D00903377 /* Build configuration list for PBXProject "Table_view" */;
			compatibilityVersion = "Xcode 14.0";
			developmentRegion = en;
			hasScannedForEncodings = 0;
			knownRegions = (
				en,
				Base,
			);
			mainGroup = 9553ACF92B95792D00903377;
			productRefGroup = 9553AD032B95792D00903377 /* Products */;
			projectDirPath = "";
			projectRoot = "";
			targets = (
				9553AD012B95792D00903377 /* Table_view */,
				9553AD172B95792F00903377 /* Table_viewTests */,
				9553AD212B95792F00903377 /* Table_viewUITests */,
			);
		};
/* End PBXProject section */

/* Begin PBXResourcesBuildPhase section */
		9553AD002B95792D00903377 /* Resources */ = {
			isa = PBXResourcesBuildPhase;
			buildActionMask = 2147483647;
			files = (
				9553AD122B95792F00903377 /* LaunchScreen.storyboard in Resources */,
				9553AD0F2B95792F00903377 /* Assets.xcassets in Resources */,
				9553AD0D2B95792D00903377 /* Main.storyboard in Resources */,
			);
			runOnlyForDeploymentPostprocessing = 0;
		};
		9553AD162B95792F00903377 /* Resources */ = {
			isa = PBXResourcesBuildPhase;
			buildActionMask = 2147483647;
			files = (
			);
			runOnlyForDeploymentPostprocessing = 0;
		};
		9553AD202B95792F00903377 /* Resources */ = {
			isa = PBXResourcesBuildPhase;
			buildActionMask = 2147483647;
			files = (
			);
			runOnlyForDeploymentPostprocessing = 0;
		};
/* End PBXResourcesBuildPhase section */

/* Begin PBXSourcesBuildPhase section */
		9553ACFE2B95792D00903377 /* Sources */ = {
			isa = PBXSourcesBuildPhase;
			buildActionMask = 2147483647;
			files = (
				9553AD062B95792D00903377 /* AppDelegate.swift in Sources */,
				9553AD082B95792D00903377 /* SceneDelegate.swift in Sources */,
				9553AD362B95807D00903377 /* TableViewController.swift in Sources */,
			);
			runOnlyForDeploymentPostprocessing = 0;
		};
		9553AD142B95792F00903377 /* Sources */ = {
			isa = PBXSourcesBuildPhase;
			buildActionMask = 2147483647;
			files = (
				9553AD1D2B95792F00903377 /* Table_viewTests.swift in Sources */,
			);
			runOnlyForDeploymentPostprocessing = 0;
		};
		9553AD1E2B95792F00903377 /* Sources */ = {
			isa = PBXSourcesBuildPhase;
			buildActionMask = 2147483647;
			files = (
				9553AD292B95792F00903377 /* Table_viewUITestsLaunchTests.swift in Sources */,
				9553AD272B95792F00903377 /* Table_viewUITests.swift in Sources */,
			);
			runOnlyForDeploymentPostprocessing = 0;
		};
/* End PBXSourcesBuildPhase section */

/* Begin PBXTargetDependency section */
		9553AD1A2B95792F00903377 /* PBXTargetDependency */ = {
			isa = PBXTargetDependency;
			target = 9553AD012B95792D00903377 /* Table_view */;
			targetProxy = 9553AD192B95792F00903377 /* PBXContainerItemProxy */;
		};
		9553AD242B95792F00903377 /* PBXTargetDependency */ = {
			isa = PBXTargetDependency;
			target = 9553AD012B95792D00903377 /* Table_view */;
			targetProxy = 9553AD232B95792F00903377 /* PBXContainerItemProxy */;
		};
/* End PBXTargetDependency section */

/* Begin PBXVariantGroup section */
		9553AD0B2B95792D00903377 /* Main.storyboard */ = {
			isa = PBXVariantGroup;
			children = (
				9553AD0C2B95792D00903377 /* Base */,
			);
			name = Main.storyboard;
			sourceTree = "<group>";
		};
		9553AD102B95792F00903377 /* LaunchScreen.storyboard */ = {
			isa = PBXVariantGroup;
			children = (
				9553AD112B95792F00903377 /* Base */,
			);
			name = LaunchScreen.storyboard;
			sourceTree = "<group>";
		};
/* End PBXVariantGroup section */

/* Begin XCBuildConfiguration section */
		9553AD2A2B95792F00903377 /* Debug */ = {
			isa = XCBuildConfiguration;
			buildSettings = {
				ALWAYS_SEARCH_USER_PATHS = NO;
				CLANG_ANALYZER_NONNULL = YES;
				CLANG_ANALYZER_NUMBER_OBJECT_CONVERSION = YES_AGGRESSIVE;
				CLANG_CXX_LANGUAGE_STANDARD = "gnu++20";
				CLANG_ENABLE_MODULES = YES;
				CLANG_ENABLE_OBJC_ARC = YES;
				CLANG_ENABLE_OBJC_WEAK = YES;
				CLANG_WARN_BLOCK_CAPTURE_AUTORELEASING = YES;
				CLANG_WARN_BOOL_CONVERSION = YES;
				CLANG_WARN_COMMA = YES;
				CLANG_WARN_CONSTANT_CONVERSION = YES;
				CLANG_WARN_DEPRECATED_OBJC_IMPLEMENTATIONS = YES;
				CLANG_WARN_DIRECT_OBJC_ISA_USAGE = YES_ERROR;
				CLANG_WARN_DOCUMENTATION_COMMENTS = YES;
				CLANG_WARN_EMPTY_BODY = YES;
				CLANG_WARN_ENUM_CONVERSION = YES;
				CLANG_WARN_INFINITE_RECURSION = YES;
				CLANG_WARN_INT_CONVERSION = YES;
				CLANG_WARN_NON_LITERAL_NULL_CONVERSION = YES;
				CLANG_WARN_OBJC_IMPLICIT_RETAIN_SELF = YES;
				CLANG_WARN_OBJC_LITERAL_CONVERSION = YES;
				CLANG_WARN_OBJC_ROOT_CLASS = YES_ERROR;
				CLANG_WARN_QUOTED_INCLUDE_IN_FRAMEWORK_HEADER = YES;
				CLANG_WARN_RANGE_LOOP_ANALYSIS = YES;
				CLANG_WARN_STRICT_PROTOTYPES = YES;
				CLANG_WARN_SUSPICIOUS_MOVE = YES;
				CLANG_WARN_UNGUARDED_AVAILABILITY = YES_AGGRESSIVE;
				CLANG_WARN_UNREACHABLE_CODE = YES;
				CLANG_WARN__DUPLICATE_METHOD_MATCH = YES;
				COPY_PHASE_STRIP = NO;
				DEBUG_INFORMATION_FORMAT = dwarf;
				ENABLE_STRICT_OBJC_MSGSEND = YES;
				ENABLE_TESTABILITY = YES;
				GCC_C_LANGUAGE_STANDARD = gnu11;
				GCC_DYNAMIC_NO_PIC = NO;
				GCC_NO_COMMON_BLOCKS = YES;
				GCC_OPTIMIZATION_LEVEL = 0;
				GCC_PREPROCESSOR_DEFINITIONS = (
					"DEBUG=1",
					"$(inherited)",
				);
				GCC_WARN_64_TO_32_BIT_CONVERSION = YES;
				GCC_WARN_ABOUT_RETURN_TYPE = YES_ERROR;
				GCC_WARN_UNDECLARED_SELECTOR = YES;
				GCC_WARN_UNINITIALIZED_AUTOS = YES_AGGRESSIVE;
				GCC_WARN_UNUSED_FUNCTION = YES;
				GCC_WARN_UNUSED_VARIABLE = YES;
				IPHONEOS_DEPLOYMENT_TARGET = 16.2;
				MTL_ENABLE_DEBUG_INFO = INCLUDE_SOURCE;
				MTL_FAST_MATH = YES;
				ONLY_ACTIVE_ARCH = YES;
				SDKROOT = iphoneos;
				SWIFT_ACTIVE_COMPILATION_CONDITIONS = DEBUG;
				SWIFT_OPTIMIZATION_LEVEL = "-Onone";
			};
			name = Debug;
		};
		9553AD2B2B95792F00903377 /* Release */ = {
			isa = XCBuildConfiguration;
			buildSettings = {
				ALWAYS_SEARCH_USER_PATHS = NO;
				CLANG_ANALYZER_NONNULL = YES;
				CLANG_ANALYZER_NUMBER_OBJECT_CONVERSION = YES_AGGRESSIVE;
				CLANG_CXX_LANGUAGE_STANDARD = "gnu++20";
				CLANG_ENABLE_MODULES = YES;
				CLANG_ENABLE_OBJC_ARC = YES;
				CLANG_ENABLE_OBJC_WEAK = YES;
				CLANG_WARN_BLOCK_CAPTURE_AUTORELEASING = YES;
				CLANG_WARN_BOOL_CONVERSION = YES;
				CLANG_WARN_COMMA = YES;
				CLANG_WARN_CONSTANT_CONVERSION = YES;
				CLANG_WARN_DEPRECATED_OBJC_IMPLEMENTATIONS = YES;
				CLANG_WARN_DIRECT_OBJC_ISA_USAGE = YES_ERROR;
				CLANG_WARN_DOCUMENTATION_COMMENTS = YES;
				CLANG_WARN_EMPTY_BODY = YES;
				CLANG_WARN_ENUM_CONVERSION = YES;
				CLANG_WARN_INFINITE_RECURSION = YES;
				CLANG_WARN_INT_CONVERSION = YES;
				CLANG_WARN_NON_LITERAL_NULL_CONVERSION = YES;
				CLANG_WARN_OBJC_IMPLICIT_RETAIN_SELF = YES;
				CLANG_WARN_OBJC_LITERAL_CONVERSION = YES;
				CLANG_WARN_OBJC_ROOT_CLASS = YES_ERROR;
				CLANG_WARN_QUOTED_INCLUDE_IN_FRAMEWORK_HEADER = YES;
				CLANG_WARN_RANGE_LOOP_ANALYSIS = YES;
				CLANG_WARN_STRICT_PROTOTYPES = YES;
				CLANG_WARN_SUSPICIOUS_MOVE = YES;
				CLANG_WARN_UNGUARDED_AVAILABILITY = YES_AGGRESSIVE;
				CLANG_WARN_UNREACHABLE_CODE = YES;
				CLANG_WARN__DUPLICATE_METHOD_MATCH = YES;
				COPY_PHASE_STRIP = NO;
				DEBUG_INFORMATION_FORMAT = "dwarf-with-dsym";
				ENABLE_NS_ASSERTIONS = NO;
				ENABLE_STRICT_OBJC_MSGSEND = YES;
				GCC_C_LANGUAGE_STANDARD = gnu11;
				GCC_NO_COMMON_BLOCKS = YES;
				GCC_WARN_64_TO_32_BIT_CONVERSION = YES;
				GCC_WARN_ABOUT_RETURN_TYPE = YES_ERROR;
				GCC_WARN_UNDECLARED_SELECTOR = YES;
				GCC_WARN_UNINITIALIZED_AUTOS = YES_AGGRESSIVE;
				GCC_WARN_UNUSED_FUNCTION = YES;
				GCC_WARN_UNUSED_VARIABLE = YES;
				IPHONEOS_DEPLOYMENT_TARGET = 16.2;
				MTL_ENABLE_DEBUG_INFO = NO;
				MTL_FAST_MATH = YES;
				SDKROOT = iphoneos;
				SWIFT_COMPILATION_MODE = wholemodule;
				SWIFT_OPTIMIZATION_LEVEL = "-O";
				VALIDATE_PRODUCT = YES;
			};
			name = Release;
		};
		9553AD2D2B95792F00903377 /* Debug */ = {
			isa = XCBuildConfiguration;
			buildSettings = {
				ASSETCATALOG_COMPILER_APPICON_NAME = AppIcon;
				ASSETCATALOG_COMPILER_GLOBAL_ACCENT_COLOR_NAME = AccentColor;
				CODE_SIGN_STYLE = Automatic;
				CURRENT_PROJECT_VERSION = 1;
				GENERATE_INFOPLIST_FILE = YES;
				INFOPLIST_FILE = Table_view/Info.plist;
				INFOPLIST_KEY_UIApplicationSupportsIndirectInputEvents = YES;
				INFOPLIST_KEY_UILaunchStoryboardName = LaunchScreen;
				INFOPLIST_KEY_UIMainStoryboardFile = Main;
				INFOPLIST_KEY_UISupportedInterfaceOrientations_iPad = "UIInterfaceOrientationPortrait UIInterfaceOrientationPortraitUpsideDown UIInterfaceOrientationLandscapeLeft UIInterfaceOrientationLandscapeRight";
				INFOPLIST_KEY_UISupportedInterfaceOrientations_iPhone = "UIInterfaceOrientationPortrait UIInterfaceOrientationLandscapeLeft UIInterfaceOrientationLandscapeRight";
				LD_RUNPATH_SEARCH_PATHS = (
					"$(inherited)",
					"@executable_path/Frameworks",
				);
				MARKETING_VERSION = 1.0;
				PRODUCT_BUNDLE_IDENTIFIER = "UTU.Table-view";
				PRODUCT_NAME = "$(TARGET_NAME)";
				SWIFT_EMIT_LOC_STRINGS = YES;
				SWIFT_VERSION = 5.0;
				TARGETED_DEVICE_FAMILY = "1,2";
			};
			name = Debug;
		};
		9553AD2E2B95792F00903377 /* Release */ = {
			isa = XCBuildConfiguration;
			buildSettings = {
				ASSETCATALOG_COMPILER_APPICON_NAME = AppIcon;
				ASSETCATALOG_COMPILER_GLOBAL_ACCENT_COLOR_NAME = AccentColor;
				CODE_SIGN_STYLE = Automatic;
				CURRENT_PROJECT_VERSION = 1;
				GENERATE_INFOPLIST_FILE = YES;
				INFOPLIST_FILE = Table_view/Info.plist;
				INFOPLIST_KEY_UIApplicationSupportsIndirectInputEvents = YES;
				INFOPLIST_KEY_UILaunchStoryboardName = LaunchScreen;
				INFOPLIST_KEY_UIMainStoryboardFile = Main;
				INFOPLIST_KEY_UISupportedInterfaceOrientations_iPad = "UIInterfaceOrientationPortrait UIInterfaceOrientationPortraitUpsideDown UIInterfaceOrientationLandscapeLeft UIInterfaceOrientationLandscapeRight";
				INFOPLIST_KEY_UISupportedInterfaceOrientations_iPhone = "UIInterfaceOrientationPortrait UIInterfaceOrientationLandscapeLeft UIInterfaceOrientationLandscapeRight";
				LD_RUNPATH_SEARCH_PATHS = (
					"$(inherited)",
					"@executable_path/Frameworks",
				);
				MARKETING_VERSION = 1.0;
				PRODUCT_BUNDLE_IDENTIFIER = "UTU.Table-view";
				PRODUCT_NAME = "$(TARGET_NAME)";
				SWIFT_EMIT_LOC_STRINGS = YES;
				SWIFT_VERSION = 5.0;
				TARGETED_DEVICE_FAMILY = "1,2";
			};
			name = Release;
		};
		9553AD302B95792F00903377 /* Debug */ = {
			isa = XCBuildConfiguration;
			buildSettings = {
				ALWAYS_EMBED_SWIFT_STANDARD_LIBRARIES = YES;
				BUNDLE_LOADER = "$(TEST_HOST)";
				CODE_SIGN_STYLE = Automatic;
				CURRENT_PROJECT_VERSION = 1;
				GENERATE_INFOPLIST_FILE = YES;
				IPHONEOS_DEPLOYMENT_TARGET = 16.2;
				MARKETING_VERSION = 1.0;
				PRODUCT_BUNDLE_IDENTIFIER = "UTU.Table-viewTests";
				PRODUCT_NAME = "$(TARGET_NAME)";
				SWIFT_EMIT_LOC_STRINGS = NO;
				SWIFT_VERSION = 5.0;
				TARGETED_DEVICE_FAMILY = "1,2";
				TEST_HOST = "$(BUILT_PRODUCTS_DIR)/Table_view.app/$(BUNDLE_EXECUTABLE_FOLDER_PATH)/Table_view";
			};
			name = Debug;
		};
		9553AD312B95792F00903377 /* Release */ = {
			isa = XCBuildConfiguration;
			buildSettings = {
				ALWAYS_EMBED_SWIFT_STANDARD_LIBRARIES = YES;
				BUNDLE_LOADER = "$(TEST_HOST)";
				CODE_SIGN_STYLE = Automatic;
				CURRENT_PROJECT_VERSION = 1;
				GENERATE_INFOPLIST_FILE = YES;
				IPHONEOS_DEPLOYMENT_TARGET = 16.2;
				MARKETING_VERSION = 1.0;
				PRODUCT_BUNDLE_IDENTIFIER = "UTU.Table-viewTests";
				PRODUCT_NAME = "$(TARGET_NAME)";
				SWIFT_EMIT_LOC_STRINGS = NO;
				SWIFT_VERSION = 5.0;
				TARGETED_DEVICE_FAMILY = "1,2";
				TEST_HOST = "$(BUILT_PRODUCTS_DIR)/Table_view.app/$(BUNDLE_EXECUTABLE_FOLDER_PATH)/Table_view";
			};
			name = Release;
		};
		9553AD332B95792F00903377 /* Debug */ = {
			isa = XCBuildConfiguration;
			buildSettings = {
				ALWAYS_EMBED_SWIFT_STANDARD_LIBRARIES = YES;
				CODE_SIGN_STYLE = Automatic;
				CURRENT_PROJECT_VERSION = 1;
				GENERATE_INFOPLIST_FILE = YES;
				MARKETING_VERSION = 1.0;
				PRODUCT_BUNDLE_IDENTIFIER = "UTU.Table-viewUITests";
				PRODUCT_NAME = "$(TARGET_NAME)";
				SWIFT_EMIT_LOC_STRINGS = NO;
				SWIFT_VERSION = 5.0;
				TARGETED_DEVICE_FAMILY = "1,2";
				TEST_TARGET_NAME = Table_view;
			};
			name = Debug;
		};
		9553AD342B95792F00903377 /* Release */ = {
			isa = XCBuildConfiguration;
			buildSettings = {
				ALWAYS_EMBED_SWIFT_STANDARD_LIBRARIES = YES;
				CODE_SIGN_STYLE = Automatic;
				CURRENT_PROJECT_VERSION = 1;
				GENERATE_INFOPLIST_FILE = YES;
				MARKETING_VERSION = 1.0;
				PRODUCT_BUNDLE_IDENTIFIER = "UTU.Table-viewUITests";
				PRODUCT_NAME = "$(TARGET_NAME)";
				SWIFT_EMIT_LOC_STRINGS = NO;
				SWIFT_VERSION = 5.0;
				TARGETED_DEVICE_FAMILY = "1,2";
				TEST_TARGET_NAME = Table_view;
			};
			name = Release;
		};
/* End XCBuildConfiguration section */

/* Begin XCConfigurationList section */
		9553ACFD2B95792D00903377 /* Build configuration list for PBXProject "Table_view" */ = {
			isa = XCConfigurationList;
			buildConfigurations = (
				9553AD2A2B95792F00903377 /* Debug */,
				9553AD2B2B95792F00903377 /* Release */,
			);
			defaultConfigurationIsVisible = 0;
			defaultConfigurationName = Release;
		};
		9553AD2C2B95792F00903377 /* Build configuration list for PBXNativeTarget "Table_view" */ = {
			isa = XCConfigurationList;
			buildConfigurations = (
				9553AD2D2B95792F00903377 /* Debug */,
				9553AD2E2B95792F00903377 /* Release */,
			);
			defaultConfigurationIsVisible = 0;
			defaultConfigurationName = Release;
		};
		9553AD2F2B95792F00903377 /* Build configuration list for PBXNativeTarget "Table_viewTests" */ = {
			isa = XCConfigurationList;
			buildConfigurations = (
				9553AD302B95792F00903377 /* Debug */,
				9553AD312B95792F00903377 /* Release */,
			);
			defaultConfigurationIsVisible = 0;
			defaultConfigurationName = Release;
		};
		9553AD322B95792F00903377 /* Build configuration list for PBXNativeTarget "Table_viewUITests" */ = {
			isa = XCConfigurationList;
			buildConfigurations = (
				9553AD332B95792F00903377 /* Debug */,
				9553AD342B95792F00903377 /* Release */,
			);
			defaultConfigurationIsVisible = 0;
			defaultConfigurationName = Release;
		};
/* End XCConfigurationList section */
	};
	rootObject = 9553ACFA2B95792D00903377 /* Project object */;
}
