// !$*UTF8*$!
{
	archiveVersion = 1;
	classes = {
	};
	objectVersion = 56;
	objects = {

/* Begin PBXBuildFile section */
		959F27D92BAD7967009DDF16 /* AppDelegate.swift in Sources */ = {isa = PBXBuildFile; fileRef = 959F27D82BAD7967009DDF16 /* AppDelegate.swift */; };
		959F27DB2BAD7967009DDF16 /* SceneDelegate.swift in Sources */ = {isa = PBXBuildFile; fileRef = 959F27DA2BAD7967009DDF16 /* SceneDelegate.swift */; };
		959F27DD2BAD7967009DDF16 /* ViewController.swift in Sources */ = {isa = PBXBuildFile; fileRef = 959F27DC2BAD7967009DDF16 /* ViewController.swift */; };
		959F27E02BAD7967009DDF16 /* Main.storyboard in Resources */ = {isa = PBXBuildFile; fileRef = 959F27DE2BAD7967009DDF16 /* Main.storyboard */; };
		959F27E32BAD7967009DDF16 /* project.xcdatamodeld in Sources */ = {isa = PBXBuildFile; fileRef = 959F27E12BAD7967009DDF16 /* project.xcdatamodeld */; };
		959F27E52BAD7969009DDF16 /* Assets.xcassets in Resources */ = {isa = PBXBuildFile; fileRef = 959F27E42BAD7969009DDF16 /* Assets.xcassets */; };
		959F27E82BAD7969009DDF16 /* LaunchScreen.storyboard in Resources */ = {isa = PBXBuildFile; fileRef = 959F27E62BAD7969009DDF16 /* LaunchScreen.storyboard */; };
		959F27F32BAD7969009DDF16 /* projectTests.swift in Sources */ = {isa = PBXBuildFile; fileRef = 959F27F22BAD7969009DDF16 /* projectTests.swift */; };
		959F27FD2BAD7969009DDF16 /* projectUITests.swift in Sources */ = {isa = PBXBuildFile; fileRef = 959F27FC2BAD7969009DDF16 /* projectUITests.swift */; };
		959F27FF2BAD7969009DDF16 /* projectUITestsLaunchTests.swift in Sources */ = {isa = PBXBuildFile; fileRef = 959F27FE2BAD7969009DDF16 /* projectUITestsLaunchTests.swift */; };
/* End PBXBuildFile section */

/* Begin PBXContainerItemProxy section */
		959F27EF2BAD7969009DDF16 /* PBXContainerItemProxy */ = {
			isa = PBXContainerItemProxy;
			containerPortal = 959F27CD2BAD7967009DDF16 /* Project object */;
			proxyType = 1;
			remoteGlobalIDString = 959F27D42BAD7967009DDF16;
			remoteInfo = project;
		};
		959F27F92BAD7969009DDF16 /* PBXContainerItemProxy */ = {
			isa = PBXContainerItemProxy;
			containerPortal = 959F27CD2BAD7967009DDF16 /* Project object */;
			proxyType = 1;
			remoteGlobalIDString = 959F27D42BAD7967009DDF16;
			remoteInfo = project;
		};
/* End PBXContainerItemProxy section */

/* Begin PBXFileReference section */
		959F27D52BAD7967009DDF16 /* project.app */ = {isa = PBXFileReference; explicitFileType = wrapper.application; includeInIndex = 0; path = project.app; sourceTree = BUILT_PRODUCTS_DIR; };
		959F27D82BAD7967009DDF16 /* AppDelegate.swift */ = {isa = PBXFileReference; lastKnownFileType = sourcecode.swift; path = AppDelegate.swift; sourceTree = "<group>"; };
		959F27DA2BAD7967009DDF16 /* SceneDelegate.swift */ = {isa = PBXFileReference; lastKnownFileType = sourcecode.swift; path = SceneDelegate.swift; sourceTree = "<group>"; };
		959F27DC2BAD7967009DDF16 /* ViewController.swift */ = {isa = PBXFileReference; lastKnownFileType = sourcecode.swift; path = ViewController.swift; sourceTree = "<group>"; };
		959F27DF2BAD7967009DDF16 /* Base */ = {isa = PBXFileReference; lastKnownFileType = file.storyboard; name = Base; path = Base.lproj/Main.storyboard; sourceTree = "<group>"; };
		959F27E22BAD7967009DDF16 /* project.xcdatamodel */ = {isa = PBXFileReference; lastKnownFileType = wrapper.xcdatamodel; path = project.xcdatamodel; sourceTree = "<group>"; };
		959F27E42BAD7969009DDF16 /* Assets.xcassets */ = {isa = PBXFileReference; lastKnownFileType = folder.assetcatalog; path = Assets.xcassets; sourceTree = "<group>"; };
		959F27E72BAD7969009DDF16 /* Base */ = {isa = PBXFileReference; lastKnownFileType = file.storyboard; name = Base; path = Base.lproj/LaunchScreen.storyboard; sourceTree = "<group>"; };
		959F27E92BAD7969009DDF16 /* Info.plist */ = {isa = PBXFileReference; lastKnownFileType = text.plist.xml; path = Info.plist; sourceTree = "<group>"; };
		959F27EE2BAD7969009DDF16 /* projectTests.xctest */ = {isa = PBXFileReference; explicitFileType = wrapper.cfbundle; includeInIndex = 0; path = projectTests.xctest; sourceTree = BUILT_PRODUCTS_DIR; };
		959F27F22BAD7969009DDF16 /* projectTests.swift */ = {isa = PBXFileReference; lastKnownFileType = sourcecode.swift; path = projectTests.swift; sourceTree = "<group>"; };
		959F27F82BAD7969009DDF16 /* projectUITests.xctest */ = {isa = PBXFileReference; explicitFileType = wrapper.cfbundle; includeInIndex = 0; path = projectUITests.xctest; sourceTree = BUILT_PRODUCTS_DIR; };
		959F27FC2BAD7969009DDF16 /* projectUITests.swift */ = {isa = PBXFileReference; lastKnownFileType = sourcecode.swift; path = projectUITests.swift; sourceTree = "<group>"; };
		959F27FE2BAD7969009DDF16 /* projectUITestsLaunchTests.swift */ = {isa = PBXFileReference; lastKnownFileType = sourcecode.swift; path = projectUITestsLaunchTests.swift; sourceTree = "<group>"; };
/* End PBXFileReference section */

/* Begin PBXFrameworksBuildPhase section */
		959F27D22BAD7967009DDF16 /* Frameworks */ = {
			isa = PBXFrameworksBuildPhase;
			buildActionMask = 2147483647;
			files = (
			);
			runOnlyForDeploymentPostprocessing = 0;
		};
		959F27EB2BAD7969009DDF16 /* Frameworks */ = {
			isa = PBXFrameworksBuildPhase;
			buildActionMask = 2147483647;
			files = (
			);
			runOnlyForDeploymentPostprocessing = 0;
		};
		959F27F52BAD7969009DDF16 /* Frameworks */ = {
			isa = PBXFrameworksBuildPhase;
			buildActionMask = 2147483647;
			files = (
			);
			runOnlyForDeploymentPostprocessing = 0;
		};
/* End PBXFrameworksBuildPhase section */

/* Begin PBXGroup section */
		959F27CC2BAD7967009DDF16 = {
			isa = PBXGroup;
			children = (
				959F27D72BAD7967009DDF16 /* project */,
				959F27F12BAD7969009DDF16 /* projectTests */,
				959F27FB2BAD7969009DDF16 /* projectUITests */,
				959F27D62BAD7967009DDF16 /* Products */,
			);
			sourceTree = "<group>";
		};
		959F27D62BAD7967009DDF16 /* Products */ = {
			isa = PBXGroup;
			children = (
				959F27D52BAD7967009DDF16 /* project.app */,
				959F27EE2BAD7969009DDF16 /* projectTests.xctest */,
				959F27F82BAD7969009DDF16 /* projectUITests.xctest */,
			);
			name = Products;
			sourceTree = "<group>";
		};
		959F27D72BAD7967009DDF16 /* project */ = {
			isa = PBXGroup;
			children = (
				959F27D82BAD7967009DDF16 /* AppDelegate.swift */,
				959F27DA2BAD7967009DDF16 /* SceneDelegate.swift */,
				959F27DC2BAD7967009DDF16 /* ViewController.swift */,
				959F27DE2BAD7967009DDF16 /* Main.storyboard */,
				959F27E42BAD7969009DDF16 /* Assets.xcassets */,
				959F27E62BAD7969009DDF16 /* LaunchScreen.storyboard */,
				959F27E92BAD7969009DDF16 /* Info.plist */,
				959F27E12BAD7967009DDF16 /* project.xcdatamodeld */,
			);
			path = project;
			sourceTree = "<group>";
		};
		959F27F12BAD7969009DDF16 /* projectTests */ = {
			isa = PBXGroup;
			children = (
				959F27F22BAD7969009DDF16 /* projectTests.swift */,
			);
			path = projectTests;
			sourceTree = "<group>";
		};
		959F27FB2BAD7969009DDF16 /* projectUITests */ = {
			isa = PBXGroup;
			children = (
				959F27FC2BAD7969009DDF16 /* projectUITests.swift */,
				959F27FE2BAD7969009DDF16 /* projectUITestsLaunchTests.swift */,
			);
			path = projectUITests;
			sourceTree = "<group>";
		};
/* End PBXGroup section */

/* Begin PBXNativeTarget section */
		959F27D42BAD7967009DDF16 /* project */ = {
			isa = PBXNativeTarget;
			buildConfigurationList = 959F28022BAD7969009DDF16 /* Build configuration list for PBXNativeTarget "project" */;
			buildPhases = (
				959F27D12BAD7967009DDF16 /* Sources */,
				959F27D22BAD7967009DDF16 /* Frameworks */,
				959F27D32BAD7967009DDF16 /* Resources */,
			);
			buildRules = (
			);
			dependencies = (
			);
			name = project;
			productName = project;
			productReference = 959F27D52BAD7967009DDF16 /* project.app */;
			productType = "com.apple.product-type.application";
		};
		959F27ED2BAD7969009DDF16 /* projectTests */ = {
			isa = PBXNativeTarget;
			buildConfigurationList = 959F28052BAD7969009DDF16 /* Build configuration list for PBXNativeTarget "projectTests" */;
			buildPhases = (
				959F27EA2BAD7969009DDF16 /* Sources */,
				959F27EB2BAD7969009DDF16 /* Frameworks */,
				959F27EC2BAD7969009DDF16 /* Resources */,
			);
			buildRules = (
			);
			dependencies = (
				959F27F02BAD7969009DDF16 /* PBXTargetDependency */,
			);
			name = projectTests;
			productName = projectTests;
			productReference = 959F27EE2BAD7969009DDF16 /* projectTests.xctest */;
			productType = "com.apple.product-type.bundle.unit-test";
		};
		959F27F72BAD7969009DDF16 /* projectUITests */ = {
			isa = PBXNativeTarget;
			buildConfigurationList = 959F28082BAD7969009DDF16 /* Build configuration list for PBXNativeTarget "projectUITests" */;
			buildPhases = (
				959F27F42BAD7969009DDF16 /* Sources */,
				959F27F52BAD7969009DDF16 /* Frameworks */,
				959F27F62BAD7969009DDF16 /* Resources */,
			);
			buildRules = (
			);
			dependencies = (
				959F27FA2BAD7969009DDF16 /* PBXTargetDependency */,
			);
			name = projectUITests;
			productName = projectUITests;
			productReference = 959F27F82BAD7969009DDF16 /* projectUITests.xctest */;
			productType = "com.apple.product-type.bundle.ui-testing";
		};
/* End PBXNativeTarget section */

/* Begin PBXProject section */
		959F27CD2BAD7967009DDF16 /* Project object */ = {
			isa = PBXProject;
			attributes = {
				BuildIndependentTargetsInParallel = 1;
				LastSwiftUpdateCheck = 1420;
				LastUpgradeCheck = 1420;
				TargetAttributes = {
					959F27D42BAD7967009DDF16 = {
						CreatedOnToolsVersion = 14.2;
					};
					959F27ED2BAD7969009DDF16 = {
						CreatedOnToolsVersion = 14.2;
						TestTargetID = 959F27D42BAD7967009DDF16;
					};
					959F27F72BAD7969009DDF16 = {
						CreatedOnToolsVersion = 14.2;
						TestTargetID = 959F27D42BAD7967009DDF16;
					};
				};
			};
			buildConfigurationList = 959F27D02BAD7967009DDF16 /* Build configuration list for PBXProject "project" */;
			compatibilityVersion = "Xcode 14.0";
			developmentRegion = en;
			hasScannedForEncodings = 0;
			knownRegions = (
				en,
				Base,
			);
			mainGroup = 959F27CC2BAD7967009DDF16;
			productRefGroup = 959F27D62BAD7967009DDF16 /* Products */;
			projectDirPath = "";
			projectRoot = "";
			targets = (
				959F27D42BAD7967009DDF16 /* project */,
				959F27ED2BAD7969009DDF16 /* projectTests */,
				959F27F72BAD7969009DDF16 /* projectUITests */,
			);
		};
/* End PBXProject section */

/* Begin PBXResourcesBuildPhase section */
		959F27D32BAD7967009DDF16 /* Resources */ = {
			isa = PBXResourcesBuildPhase;
			buildActionMask = 2147483647;
			files = (
				959F27E82BAD7969009DDF16 /* LaunchScreen.storyboard in Resources */,
				959F27E52BAD7969009DDF16 /* Assets.xcassets in Resources */,
				959F27E02BAD7967009DDF16 /* Main.storyboard in Resources */,
			);
			runOnlyForDeploymentPostprocessing = 0;
		};
		959F27EC2BAD7969009DDF16 /* Resources */ = {
			isa = PBXResourcesBuildPhase;
			buildActionMask = 2147483647;
			files = (
			);
			runOnlyForDeploymentPostprocessing = 0;
		};
		959F27F62BAD7969009DDF16 /* Resources */ = {
			isa = PBXResourcesBuildPhase;
			buildActionMask = 2147483647;
			files = (
			);
			runOnlyForDeploymentPostprocessing = 0;
		};
/* End PBXResourcesBuildPhase section */

/* Begin PBXSourcesBuildPhase section */
		959F27D12BAD7967009DDF16 /* Sources */ = {
			isa = PBXSourcesBuildPhase;
			buildActionMask = 2147483647;
			files = (
				959F27DD2BAD7967009DDF16 /* ViewController.swift in Sources */,
				959F27D92BAD7967009DDF16 /* AppDelegate.swift in Sources */,
				959F27DB2BAD7967009DDF16 /* SceneDelegate.swift in Sources */,
				959F27E32BAD7967009DDF16 /* project.xcdatamodeld in Sources */,
			);
			runOnlyForDeploymentPostprocessing = 0;
		};
		959F27EA2BAD7969009DDF16 /* Sources */ = {
			isa = PBXSourcesBuildPhase;
			buildActionMask = 2147483647;
			files = (
				959F27F32BAD7969009DDF16 /* projectTests.swift in Sources */,
			);
			runOnlyForDeploymentPostprocessing = 0;
		};
		959F27F42BAD7969009DDF16 /* Sources */ = {
			isa = PBXSourcesBuildPhase;
			buildActionMask = 2147483647;
			files = (
				959F27FF2BAD7969009DDF16 /* projectUITestsLaunchTests.swift in Sources */,
				959F27FD2BAD7969009DDF16 /* projectUITests.swift in Sources */,
			);
			runOnlyForDeploymentPostprocessing = 0;
		};
/* End PBXSourcesBuildPhase section */

/* Begin PBXTargetDependency section */
		959F27F02BAD7969009DDF16 /* PBXTargetDependency */ = {
			isa = PBXTargetDependency;
			target = 959F27D42BAD7967009DDF16 /* project */;
			targetProxy = 959F27EF2BAD7969009DDF16 /* PBXContainerItemProxy */;
		};
		959F27FA2BAD7969009DDF16 /* PBXTargetDependency */ = {
			isa = PBXTargetDependency;
			target = 959F27D42BAD7967009DDF16 /* project */;
			targetProxy = 959F27F92BAD7969009DDF16 /* PBXContainerItemProxy */;
		};
/* End PBXTargetDependency section */

/* Begin PBXVariantGroup section */
		959F27DE2BAD7967009DDF16 /* Main.storyboard */ = {
			isa = PBXVariantGroup;
			children = (
				959F27DF2BAD7967009DDF16 /* Base */,
			);
			name = Main.storyboard;
			sourceTree = "<group>";
		};
		959F27E62BAD7969009DDF16 /* LaunchScreen.storyboard */ = {
			isa = PBXVariantGroup;
			children = (
				959F27E72BAD7969009DDF16 /* Base */,
			);
			name = LaunchScreen.storyboard;
			sourceTree = "<group>";
		};
/* End PBXVariantGroup section */

/* Begin XCBuildConfiguration section */
		959F28002BAD7969009DDF16 /* Debug */ = {
			isa = XCBuildConfiguration;
			buildSettings = {
				ALWAYS_SEARCH_USER_PATHS = NO;
				CLANG_ANALYZER_NONNULL = YES;
				CLANG_ANALYZER_NUMBER_OBJECT_CONVERSION = YES_AGGRESSIVE;
				CLANG_CXX_LANGUAGE_STANDARD = "gnu++20";
				CLANG_ENABLE_MODULES = YES;
				CLANG_ENABLE_OBJC_ARC = YES;
				CLANG_ENABLE_OBJC_WEAK = YES;
				CLANG_WARN_BLOCK_CAPTURE_AUTORELEASING = YES;
				CLANG_WARN_BOOL_CONVERSION = YES;
				CLANG_WARN_COMMA = YES;
				CLANG_WARN_CONSTANT_CONVERSION = YES;
				CLANG_WARN_DEPRECATED_OBJC_IMPLEMENTATIONS = YES;
				CLANG_WARN_DIRECT_OBJC_ISA_USAGE = YES_ERROR;
				CLANG_WARN_DOCUMENTATION_COMMENTS = YES;
				CLANG_WARN_EMPTY_BODY = YES;
				CLANG_WARN_ENUM_CONVERSION = YES;
				CLANG_WARN_INFINITE_RECURSION = YES;
				CLANG_WARN_INT_CONVERSION = YES;
				CLANG_WARN_NON_LITERAL_NULL_CONVERSION = YES;
				CLANG_WARN_OBJC_IMPLICIT_RETAIN_SELF = YES;
				CLANG_WARN_OBJC_LITERAL_CONVERSION = YES;
				CLANG_WARN_OBJC_ROOT_CLASS = YES_ERROR;
				CLANG_WARN_QUOTED_INCLUDE_IN_FRAMEWORK_HEADER = YES;
				CLANG_WARN_RANGE_LOOP_ANALYSIS = YES;
				CLANG_WARN_STRICT_PROTOTYPES = YES;
				CLANG_WARN_SUSPICIOUS_MOVE = YES;
				CLANG_WARN_UNGUARDED_AVAILABILITY = YES_AGGRESSIVE;
				CLANG_WARN_UNREACHABLE_CODE = YES;
				CLANG_WARN__DUPLICATE_METHOD_MATCH = YES;
				COPY_PHASE_STRIP = NO;
				DEBUG_INFORMATION_FORMAT = dwarf;
				ENABLE_STRICT_OBJC_MSGSEND = YES;
				ENABLE_TESTABILITY = YES;
				GCC_C_LANGUAGE_STANDARD = gnu11;
				GCC_DYNAMIC_NO_PIC = NO;
				GCC_NO_COMMON_BLOCKS = YES;
				GCC_OPTIMIZATION_LEVEL = 0;
				GCC_PREPROCESSOR_DEFINITIONS = (
					"DEBUG=1",
					"$(inherited)",
				);
				GCC_WARN_64_TO_32_BIT_CONVERSION = YES;
				GCC_WARN_ABOUT_RETURN_TYPE = YES_ERROR;
				GCC_WARN_UNDECLARED_SELECTOR = YES;
				GCC_WARN_UNINITIALIZED_AUTOS = YES_AGGRESSIVE;
				GCC_WARN_UNUSED_FUNCTION = YES;
				GCC_WARN_UNUSED_VARIABLE = YES;
				IPHONEOS_DEPLOYMENT_TARGET = 16.2;
				MTL_ENABLE_DEBUG_INFO = INCLUDE_SOURCE;
				MTL_FAST_MATH = YES;
				ONLY_ACTIVE_ARCH = YES;
				SDKROOT = iphoneos;
				SWIFT_ACTIVE_COMPILATION_CONDITIONS = DEBUG;
				SWIFT_OPTIMIZATION_LEVEL = "-Onone";
			};
			name = Debug;
		};
		959F28012BAD7969009DDF16 /* Release */ = {
			isa = XCBuildConfiguration;
			buildSettings = {
				ALWAYS_SEARCH_USER_PATHS = NO;
				CLANG_ANALYZER_NONNULL = YES;
				CLANG_ANALYZER_NUMBER_OBJECT_CONVERSION = YES_AGGRESSIVE;
				CLANG_CXX_LANGUAGE_STANDARD = "gnu++20";
				CLANG_ENABLE_MODULES = YES;
				CLANG_ENABLE_OBJC_ARC = YES;
				CLANG_ENABLE_OBJC_WEAK = YES;
				CLANG_WARN_BLOCK_CAPTURE_AUTORELEASING = YES;
				CLANG_WARN_BOOL_CONVERSION = YES;
				CLANG_WARN_COMMA = YES;
				CLANG_WARN_CONSTANT_CONVERSION = YES;
				CLANG_WARN_DEPRECATED_OBJC_IMPLEMENTATIONS = YES;
				CLANG_WARN_DIRECT_OBJC_ISA_USAGE = YES_ERROR;
				CLANG_WARN_DOCUMENTATION_COMMENTS = YES;
				CLANG_WARN_EMPTY_BODY = YES;
				CLANG_WARN_ENUM_CONVERSION = YES;
				CLANG_WARN_INFINITE_RECURSION = YES;
				CLANG_WARN_INT_CONVERSION = YES;
				CLANG_WARN_NON_LITERAL_NULL_CONVERSION = YES;
				CLANG_WARN_OBJC_IMPLICIT_RETAIN_SELF = YES;
				CLANG_WARN_OBJC_LITERAL_CONVERSION = YES;
				CLANG_WARN_OBJC_ROOT_CLASS = YES_ERROR;
				CLANG_WARN_QUOTED_INCLUDE_IN_FRAMEWORK_HEADER = YES;
				CLANG_WARN_RANGE_LOOP_ANALYSIS = YES;
				CLANG_WARN_STRICT_PROTOTYPES = YES;
				CLANG_WARN_SUSPICIOUS_MOVE = YES;
				CLANG_WARN_UNGUARDED_AVAILABILITY = YES_AGGRESSIVE;
				CLANG_WARN_UNREACHABLE_CODE = YES;
				CLANG_WARN__DUPLICATE_METHOD_MATCH = YES;
				COPY_PHASE_STRIP = NO;
				DEBUG_INFORMATION_FORMAT = "dwarf-with-dsym";
				ENABLE_NS_ASSERTIONS = NO;
				ENABLE_STRICT_OBJC_MSGSEND = YES;
				GCC_C_LANGUAGE_STANDARD = gnu11;
				GCC_NO_COMMON_BLOCKS = YES;
				GCC_WARN_64_TO_32_BIT_CONVERSION = YES;
				GCC_WARN_ABOUT_RETURN_TYPE = YES_ERROR;
				GCC_WARN_UNDECLARED_SELECTOR = YES;
				GCC_WARN_UNINITIALIZED_AUTOS = YES_AGGRESSIVE;
				GCC_WARN_UNUSED_FUNCTION = YES;
				GCC_WARN_UNUSED_VARIABLE = YES;
				IPHONEOS_DEPLOYMENT_TARGET = 16.2;
				MTL_ENABLE_DEBUG_INFO = NO;
				MTL_FAST_MATH = YES;
				SDKROOT = iphoneos;
				SWIFT_COMPILATION_MODE = wholemodule;
				SWIFT_OPTIMIZATION_LEVEL = "-O";
				VALIDATE_PRODUCT = YES;
			};
			name = Release;
		};
		959F28032BAD7969009DDF16 /* Debug */ = {
			isa = XCBuildConfiguration;
			buildSettings = {
				ASSETCATALOG_COMPILER_APPICON_NAME = AppIcon;
				ASSETCATALOG_COMPILER_GLOBAL_ACCENT_COLOR_NAME = AccentColor;
				CODE_SIGN_STYLE = Automatic;
				CURRENT_PROJECT_VERSION = 1;
				GENERATE_INFOPLIST_FILE = YES;
				INFOPLIST_FILE = project/Info.plist;
				INFOPLIST_KEY_UIApplicationSupportsIndirectInputEvents = YES;
				INFOPLIST_KEY_UILaunchStoryboardName = LaunchScreen;
				INFOPLIST_KEY_UIMainStoryboardFile = Main;
				INFOPLIST_KEY_UISupportedInterfaceOrientations_iPad = "UIInterfaceOrientationPortrait UIInterfaceOrientationPortraitUpsideDown UIInterfaceOrientationLandscapeLeft UIInterfaceOrientationLandscapeRight";
				INFOPLIST_KEY_UISupportedInterfaceOrientations_iPhone = "UIInterfaceOrientationPortrait UIInterfaceOrientationLandscapeLeft UIInterfaceOrientationLandscapeRight";
				LD_RUNPATH_SEARCH_PATHS = (
					"$(inherited)",
					"@executable_path/Frameworks",
				);
				MARKETING_VERSION = 1.0;
				PRODUCT_BUNDLE_IDENTIFIER = p1.project;
				PRODUCT_NAME = "$(TARGET_NAME)";
				SWIFT_EMIT_LOC_STRINGS = YES;
				SWIFT_VERSION = 5.0;
				TARGETED_DEVICE_FAMILY = "1,2";
			};
			name = Debug;
		};
		959F28042BAD7969009DDF16 /* Release */ = {
			isa = XCBuildConfiguration;
			buildSettings = {
				ASSETCATALOG_COMPILER_APPICON_NAME = AppIcon;
				ASSETCATALOG_COMPILER_GLOBAL_ACCENT_COLOR_NAME = AccentColor;
				CODE_SIGN_STYLE = Automatic;
				CURRENT_PROJECT_VERSION = 1;
				GENERATE_INFOPLIST_FILE = YES;
				INFOPLIST_FILE = project/Info.plist;
				INFOPLIST_KEY_UIApplicationSupportsIndirectInputEvents = YES;
				INFOPLIST_KEY_UILaunchStoryboardName = LaunchScreen;
				INFOPLIST_KEY_UIMainStoryboardFile = Main;
				INFOPLIST_KEY_UISupportedInterfaceOrientations_iPad = "UIInterfaceOrientationPortrait UIInterfaceOrientationPortraitUpsideDown UIInterfaceOrientationLandscapeLeft UIInterfaceOrientationLandscapeRight";
				INFOPLIST_KEY_UISupportedInterfaceOrientations_iPhone = "UIInterfaceOrientationPortrait UIInterfaceOrientationLandscapeLeft UIInterfaceOrientationLandscapeRight";
				LD_RUNPATH_SEARCH_PATHS = (
					"$(inherited)",
					"@executable_path/Frameworks",
				);
				MARKETING_VERSION = 1.0;
				PRODUCT_BUNDLE_IDENTIFIER = p1.project;
				PRODUCT_NAME = "$(TARGET_NAME)";
				SWIFT_EMIT_LOC_STRINGS = YES;
				SWIFT_VERSION = 5.0;
				TARGETED_DEVICE_FAMILY = "1,2";
			};
			name = Release;
		};
		959F28062BAD7969009DDF16 /* Debug */ = {
			isa = XCBuildConfiguration;
			buildSettings = {
				ALWAYS_EMBED_SWIFT_STANDARD_LIBRARIES = YES;
				BUNDLE_LOADER = "$(TEST_HOST)";
				CODE_SIGN_STYLE = Automatic;
				CURRENT_PROJECT_VERSION = 1;
				GENERATE_INFOPLIST_FILE = YES;
				IPHONEOS_DEPLOYMENT_TARGET = 16.2;
				MARKETING_VERSION = 1.0;
				PRODUCT_BUNDLE_IDENTIFIER = p1.projectTests;
				PRODUCT_NAME = "$(TARGET_NAME)";
				SWIFT_EMIT_LOC_STRINGS = NO;
				SWIFT_VERSION = 5.0;
				TARGETED_DEVICE_FAMILY = "1,2";
				TEST_HOST = "$(BUILT_PRODUCTS_DIR)/project.app/$(BUNDLE_EXECUTABLE_FOLDER_PATH)/project";
			};
			name = Debug;
		};
		959F28072BAD7969009DDF16 /* Release */ = {
			isa = XCBuildConfiguration;
			buildSettings = {
				ALWAYS_EMBED_SWIFT_STANDARD_LIBRARIES = YES;
				BUNDLE_LOADER = "$(TEST_HOST)";
				CODE_SIGN_STYLE = Automatic;
				CURRENT_PROJECT_VERSION = 1;
				GENERATE_INFOPLIST_FILE = YES;
				IPHONEOS_DEPLOYMENT_TARGET = 16.2;
				MARKETING_VERSION = 1.0;
				PRODUCT_BUNDLE_IDENTIFIER = p1.projectTests;
				PRODUCT_NAME = "$(TARGET_NAME)";
				SWIFT_EMIT_LOC_STRINGS = NO;
				SWIFT_VERSION = 5.0;
				TARGETED_DEVICE_FAMILY = "1,2";
				TEST_HOST = "$(BUILT_PRODUCTS_DIR)/project.app/$(BUNDLE_EXECUTABLE_FOLDER_PATH)/project";
			};
			name = Release;
		};
		959F28092BAD7969009DDF16 /* Debug */ = {
			isa = XCBuildConfiguration;
			buildSettings = {
				ALWAYS_EMBED_SWIFT_STANDARD_LIBRARIES = YES;
				CODE_SIGN_STYLE = Automatic;
				CURRENT_PROJECT_VERSION = 1;
				GENERATE_INFOPLIST_FILE = YES;
				MARKETING_VERSION = 1.0;
				PRODUCT_BUNDLE_IDENTIFIER = p1.projectUITests;
				PRODUCT_NAME = "$(TARGET_NAME)";
				SWIFT_EMIT_LOC_STRINGS = NO;
				SWIFT_VERSION = 5.0;
				TARGETED_DEVICE_FAMILY = "1,2";
				TEST_TARGET_NAME = project;
			};
			name = Debug;
		};
		959F280A2BAD7969009DDF16 /* Release */ = {
			isa = XCBuildConfiguration;
			buildSettings = {
				ALWAYS_EMBED_SWIFT_STANDARD_LIBRARIES = YES;
				CODE_SIGN_STYLE = Automatic;
				CURRENT_PROJECT_VERSION = 1;
				GENERATE_INFOPLIST_FILE = YES;
				MARKETING_VERSION = 1.0;
				PRODUCT_BUNDLE_IDENTIFIER = p1.projectUITests;
				PRODUCT_NAME = "$(TARGET_NAME)";
				SWIFT_EMIT_LOC_STRINGS = NO;
				SWIFT_VERSION = 5.0;
				TARGETED_DEVICE_FAMILY = "1,2";
				TEST_TARGET_NAME = project;
			};
			name = Release;
		};
/* End XCBuildConfiguration section */

/* Begin XCConfigurationList section */
		959F27D02BAD7967009DDF16 /* Build configuration list for PBXProject "project" */ = {
			isa = XCConfigurationList;
			buildConfigurations = (
				959F28002BAD7969009DDF16 /* Debug */,
				959F28012BAD7969009DDF16 /* Release */,
			);
			defaultConfigurationIsVisible = 0;
			defaultConfigurationName = Release;
		};
		959F28022BAD7969009DDF16 /* Build configuration list for PBXNativeTarget "project" */ = {
			isa = XCConfigurationList;
			buildConfigurations = (
				959F28032BAD7969009DDF16 /* Debug */,
				959F28042BAD7969009DDF16 /* Release */,
			);
			defaultConfigurationIsVisible = 0;
			defaultConfigurationName = Release;
		};
		959F28052BAD7969009DDF16 /* Build configuration list for PBXNativeTarget "projectTests" */ = {
			isa = XCConfigurationList;
			buildConfigurations = (
				959F28062BAD7969009DDF16 /* Debug */,
				959F28072BAD7969009DDF16 /* Release */,
			);
			defaultConfigurationIsVisible = 0;
			defaultConfigurationName = Release;
		};
		959F28082BAD7969009DDF16 /* Build configuration list for PBXNativeTarget "projectUITests" */ = {
			isa = XCConfigurationList;
			buildConfigurations = (
				959F28092BAD7969009DDF16 /* Debug */,
				959F280A2BAD7969009DDF16 /* Release */,
			);
			defaultConfigurationIsVisible = 0;
			defaultConfigurationName = Release;
		};
/* End XCConfigurationList section */

/* Begin XCVersionGroup section */
		959F27E12BAD7967009DDF16 /* project.xcdatamodeld */ = {
			isa = XCVersionGroup;
			children = (
				959F27E22BAD7967009DDF16 /* project.xcdatamodel */,
			);
			currentVersion = 959F27E22BAD7967009DDF16 /* project.xcdatamodel */;
			path = project.xcdatamodeld;
			sourceTree = "<group>";
			versionGroupType = wrapper.xcdatamodel;
		};
/* End XCVersionGroup section */
	};
	rootObject = 959F27CD2BAD7967009DDF16 /* Project object */;
}
