// !$*UTF8*$!
{
	archiveVersion = 1;
	classes = {
	};
	objectVersion = 56;
	objects = {

/* Begin PBXBuildFile section */
		9527CE292BAEB2DD00C46991 /* AppDelegate.swift in Sources */ = {isa = PBXBuildFile; fileRef = 9527CE282BAEB2DD00C46991 /* AppDelegate.swift */; };
		9527CE2B2BAEB2DD00C46991 /* SceneDelegate.swift in Sources */ = {isa = PBXBuildFile; fileRef = 9527CE2A2BAEB2DD00C46991 /* SceneDelegate.swift */; };
		9527CE2D2BAEB2DD00C46991 /* ViewController.swift in Sources */ = {isa = PBXBuildFile; fileRef = 9527CE2C2BAEB2DD00C46991 /* ViewController.swift */; };
		9527CE302BAEB2DD00C46991 /* Main.storyboard in Resources */ = {isa = PBXBuildFile; fileRef = 9527CE2E2BAEB2DD00C46991 /* Main.storyboard */; };
		9527CE332BAEB2DE00C46991 /* registration.xcdatamodeld in Sources */ = {isa = PBXBuildFile; fileRef = 9527CE312BAEB2DE00C46991 /* registration.xcdatamodeld */; };
		9527CE352BAEB2E700C46991 /* Assets.xcassets in Resources */ = {isa = PBXBuildFile; fileRef = 9527CE342BAEB2E700C46991 /* Assets.xcassets */; };
		9527CE382BAEB2E700C46991 /* LaunchScreen.storyboard in Resources */ = {isa = PBXBuildFile; fileRef = 9527CE362BAEB2E700C46991 /* LaunchScreen.storyboard */; };
		9527CE432BAEB2E800C46991 /* registrationTests.swift in Sources */ = {isa = PBXBuildFile; fileRef = 9527CE422BAEB2E800C46991 /* registrationTests.swift */; };
		9527CE4D2BAEB2E800C46991 /* registrationUITests.swift in Sources */ = {isa = PBXBuildFile; fileRef = 9527CE4C2BAEB2E800C46991 /* registrationUITests.swift */; };
		9527CE4F2BAEB2E800C46991 /* registrationUITestsLaunchTests.swift in Sources */ = {isa = PBXBuildFile; fileRef = 9527CE4E2BAEB2E800C46991 /* registrationUITestsLaunchTests.swift */; };
/* End PBXBuildFile section */

/* Begin PBXContainerItemProxy section */
		9527CE3F2BAEB2E800C46991 /* PBXContainerItemProxy */ = {
			isa = PBXContainerItemProxy;
			containerPortal = 9527CE1D2BAEB2DB00C46991 /* Project object */;
			proxyType = 1;
			remoteGlobalIDString = 9527CE242BAEB2DB00C46991;
			remoteInfo = registration;
		};
		9527CE492BAEB2E800C46991 /* PBXContainerItemProxy */ = {
			isa = PBXContainerItemProxy;
			containerPortal = 9527CE1D2BAEB2DB00C46991 /* Project object */;
			proxyType = 1;
			remoteGlobalIDString = 9527CE242BAEB2DB00C46991;
			remoteInfo = registration;
		};
/* End PBXContainerItemProxy section */

/* Begin PBXFileReference section */
		9527CE252BAEB2DD00C46991 /* registration.app */ = {isa = PBXFileReference; explicitFileType = wrapper.application; includeInIndex = 0; path = registration.app; sourceTree = BUILT_PRODUCTS_DIR; };
		9527CE282BAEB2DD00C46991 /* AppDelegate.swift */ = {isa = PBXFileReference; lastKnownFileType = sourcecode.swift; path = AppDelegate.swift; sourceTree = "<group>"; };
		9527CE2A2BAEB2DD00C46991 /* SceneDelegate.swift */ = {isa = PBXFileReference; lastKnownFileType = sourcecode.swift; path = SceneDelegate.swift; sourceTree = "<group>"; };
		9527CE2C2BAEB2DD00C46991 /* ViewController.swift */ = {isa = PBXFileReference; lastKnownFileType = sourcecode.swift; path = ViewController.swift; sourceTree = "<group>"; };
		9527CE2F2BAEB2DD00C46991 /* Base */ = {isa = PBXFileReference; lastKnownFileType = file.storyboard; name = Base; path = Base.lproj/Main.storyboard; sourceTree = "<group>"; };
		9527CE322BAEB2DE00C46991 /* registration.xcdatamodel */ = {isa = PBXFileReference; lastKnownFileType = wrapper.xcdatamodel; path = registration.xcdatamodel; sourceTree = "<group>"; };
		9527CE342BAEB2E700C46991 /* Assets.xcassets */ = {isa = PBXFileReference; lastKnownFileType = folder.assetcatalog; path = Assets.xcassets; sourceTree = "<group>"; };
		9527CE372BAEB2E700C46991 /* Base */ = {isa = PBXFileReference; lastKnownFileType = file.storyboard; name = Base; path = Base.lproj/LaunchScreen.storyboard; sourceTree = "<group>"; };
		9527CE392BAEB2E700C46991 /* Info.plist */ = {isa = PBXFileReference; lastKnownFileType = text.plist.xml; path = Info.plist; sourceTree = "<group>"; };
		9527CE3E2BAEB2E800C46991 /* registrationTests.xctest */ = {isa = PBXFileReference; explicitFileType = wrapper.cfbundle; includeInIndex = 0; path = registrationTests.xctest; sourceTree = BUILT_PRODUCTS_DIR; };
		9527CE422BAEB2E800C46991 /* registrationTests.swift */ = {isa = PBXFileReference; lastKnownFileType = sourcecode.swift; path = registrationTests.swift; sourceTree = "<group>"; };
		9527CE482BAEB2E800C46991 /* registrationUITests.xctest */ = {isa = PBXFileReference; explicitFileType = wrapper.cfbundle; includeInIndex = 0; path = registrationUITests.xctest; sourceTree = BUILT_PRODUCTS_DIR; };
		9527CE4C2BAEB2E800C46991 /* registrationUITests.swift */ = {isa = PBXFileReference; lastKnownFileType = sourcecode.swift; path = registrationUITests.swift; sourceTree = "<group>"; };
		9527CE4E2BAEB2E800C46991 /* registrationUITestsLaunchTests.swift */ = {isa = PBXFileReference; lastKnownFileType = sourcecode.swift; path = registrationUITestsLaunchTests.swift; sourceTree = "<group>"; };
/* End PBXFileReference section */

/* Begin PBXFrameworksBuildPhase section */
		9527CE222BAEB2DB00C46991 /* Frameworks */ = {
			isa = PBXFrameworksBuildPhase;
			buildActionMask = 2147483647;
			files = (
			);
			runOnlyForDeploymentPostprocessing = 0;
		};
		9527CE3B2BAEB2E800C46991 /* Frameworks */ = {
			isa = PBXFrameworksBuildPhase;
			buildActionMask = 2147483647;
			files = (
			);
			runOnlyForDeploymentPostprocessing = 0;
		};
		9527CE452BAEB2E800C46991 /* Frameworks */ = {
			isa = PBXFrameworksBuildPhase;
			buildActionMask = 2147483647;
			files = (
			);
			runOnlyForDeploymentPostprocessing = 0;
		};
/* End PBXFrameworksBuildPhase section */

/* Begin PBXGroup section */
		9527CE1C2BAEB2DB00C46991 = {
			isa = PBXGroup;
			children = (
				9527CE272BAEB2DD00C46991 /* registration */,
				9527CE412BAEB2E800C46991 /* registrationTests */,
				9527CE4B2BAEB2E800C46991 /* registrationUITests */,
				9527CE262BAEB2DD00C46991 /* Products */,
			);
			sourceTree = "<group>";
		};
		9527CE262BAEB2DD00C46991 /* Products */ = {
			isa = PBXGroup;
			children = (
				9527CE252BAEB2DD00C46991 /* registration.app */,
				9527CE3E2BAEB2E800C46991 /* registrationTests.xctest */,
				9527CE482BAEB2E800C46991 /* registrationUITests.xctest */,
			);
			name = Products;
			sourceTree = "<group>";
		};
		9527CE272BAEB2DD00C46991 /* registration */ = {
			isa = PBXGroup;
			children = (
				9527CE282BAEB2DD00C46991 /* AppDelegate.swift */,
				9527CE2A2BAEB2DD00C46991 /* SceneDelegate.swift */,
				9527CE2C2BAEB2DD00C46991 /* ViewController.swift */,
				9527CE2E2BAEB2DD00C46991 /* Main.storyboard */,
				9527CE342BAEB2E700C46991 /* Assets.xcassets */,
				9527CE362BAEB2E700C46991 /* LaunchScreen.storyboard */,
				9527CE392BAEB2E700C46991 /* Info.plist */,
				9527CE312BAEB2DE00C46991 /* registration.xcdatamodeld */,
			);
			path = registration;
			sourceTree = "<group>";
		};
		9527CE412BAEB2E800C46991 /* registrationTests */ = {
			isa = PBXGroup;
			children = (
				9527CE422BAEB2E800C46991 /* registrationTests.swift */,
			);
			path = registrationTests;
			sourceTree = "<group>";
		};
		9527CE4B2BAEB2E800C46991 /* registrationUITests */ = {
			isa = PBXGroup;
			children = (
				9527CE4C2BAEB2E800C46991 /* registrationUITests.swift */,
				9527CE4E2BAEB2E800C46991 /* registrationUITestsLaunchTests.swift */,
			);
			path = registrationUITests;
			sourceTree = "<group>";
		};
/* End PBXGroup section */

/* Begin PBXNativeTarget section */
		9527CE242BAEB2DB00C46991 /* registration */ = {
			isa = PBXNativeTarget;
			buildConfigurationList = 9527CE522BAEB2E800C46991 /* Build configuration list for PBXNativeTarget "registration" */;
			buildPhases = (
				9527CE212BAEB2DB00C46991 /* Sources */,
				9527CE222BAEB2DB00C46991 /* Frameworks */,
				9527CE232BAEB2DB00C46991 /* Resources */,
			);
			buildRules = (
			);
			dependencies = (
			);
			name = registration;
			productName = registration;
			productReference = 9527CE252BAEB2DD00C46991 /* registration.app */;
			productType = "com.apple.product-type.application";
		};
		9527CE3D2BAEB2E800C46991 /* registrationTests */ = {
			isa = PBXNativeTarget;
			buildConfigurationList = 9527CE552BAEB2E800C46991 /* Build configuration list for PBXNativeTarget "registrationTests" */;
			buildPhases = (
				9527CE3A2BAEB2E800C46991 /* Sources */,
				9527CE3B2BAEB2E800C46991 /* Frameworks */,
				9527CE3C2BAEB2E800C46991 /* Resources */,
			);
			buildRules = (
			);
			dependencies = (
				9527CE402BAEB2E800C46991 /* PBXTargetDependency */,
			);
			name = registrationTests;
			productName = registrationTests;
			productReference = 9527CE3E2BAEB2E800C46991 /* registrationTests.xctest */;
			productType = "com.apple.product-type.bundle.unit-test";
		};
		9527CE472BAEB2E800C46991 /* registrationUITests */ = {
			isa = PBXNativeTarget;
			buildConfigurationList = 9527CE582BAEB2E800C46991 /* Build configuration list for PBXNativeTarget "registrationUITests" */;
			buildPhases = (
				9527CE442BAEB2E800C46991 /* Sources */,
				9527CE452BAEB2E800C46991 /* Frameworks */,
				9527CE462BAEB2E800C46991 /* Resources */,
			);
			buildRules = (
			);
			dependencies = (
				9527CE4A2BAEB2E800C46991 /* PBXTargetDependency */,
			);
			name = registrationUITests;
			productName = registrationUITests;
			productReference = 9527CE482BAEB2E800C46991 /* registrationUITests.xctest */;
			productType = "com.apple.product-type.bundle.ui-testing";
		};
/* End PBXNativeTarget section */

/* Begin PBXProject section */
		9527CE1D2BAEB2DB00C46991 /* Project object */ = {
			isa = PBXProject;
			attributes = {
				BuildIndependentTargetsInParallel = 1;
				LastSwiftUpdateCheck = 1420;
				LastUpgradeCheck = 1420;
				TargetAttributes = {
					9527CE242BAEB2DB00C46991 = {
						CreatedOnToolsVersion = 14.2;
					};
					9527CE3D2BAEB2E800C46991 = {
						CreatedOnToolsVersion = 14.2;
						TestTargetID = 9527CE242BAEB2DB00C46991;
					};
					9527CE472BAEB2E800C46991 = {
						CreatedOnToolsVersion = 14.2;
						TestTargetID = 9527CE242BAEB2DB00C46991;
					};
				};
			};
			buildConfigurationList = 9527CE202BAEB2DB00C46991 /* Build configuration list for PBXProject "registration" */;
			compatibilityVersion = "Xcode 14.0";
			developmentRegion = en;
			hasScannedForEncodings = 0;
			knownRegions = (
				en,
				Base,
			);
			mainGroup = 9527CE1C2BAEB2DB00C46991;
			productRefGroup = 9527CE262BAEB2DD00C46991 /* Products */;
			projectDirPath = "";
			projectRoot = "";
			targets = (
				9527CE242BAEB2DB00C46991 /* registration */,
				9527CE3D2BAEB2E800C46991 /* registrationTests */,
				9527CE472BAEB2E800C46991 /* registrationUITests */,
			);
		};
/* End PBXProject section */

/* Begin PBXResourcesBuildPhase section */
		9527CE232BAEB2DB00C46991 /* Resources */ = {
			isa = PBXResourcesBuildPhase;
			buildActionMask = 2147483647;
			files = (
				9527CE382BAEB2E700C46991 /* LaunchScreen.storyboard in Resources */,
				9527CE352BAEB2E700C46991 /* Assets.xcassets in Resources */,
				9527CE302BAEB2DD00C46991 /* Main.storyboard in Resources */,
			);
			runOnlyForDeploymentPostprocessing = 0;
		};
		9527CE3C2BAEB2E800C46991 /* Resources */ = {
			isa = PBXResourcesBuildPhase;
			buildActionMask = 2147483647;
			files = (
			);
			runOnlyForDeploymentPostprocessing = 0;
		};
		9527CE462BAEB2E800C46991 /* Resources */ = {
			isa = PBXResourcesBuildPhase;
			buildActionMask = 2147483647;
			files = (
			);
			runOnlyForDeploymentPostprocessing = 0;
		};
/* End PBXResourcesBuildPhase section */

/* Begin PBXSourcesBuildPhase section */
		9527CE212BAEB2DB00C46991 /* Sources */ = {
			isa = PBXSourcesBuildPhase;
			buildActionMask = 2147483647;
			files = (
				9527CE332BAEB2DE00C46991 /* registration.xcdatamodeld in Sources */,
				9527CE2D2BAEB2DD00C46991 /* ViewController.swift in Sources */,
				9527CE292BAEB2DD00C46991 /* AppDelegate.swift in Sources */,
				9527CE2B2BAEB2DD00C46991 /* SceneDelegate.swift in Sources */,
			);
			runOnlyForDeploymentPostprocessing = 0;
		};
		9527CE3A2BAEB2E800C46991 /* Sources */ = {
			isa = PBXSourcesBuildPhase;
			buildActionMask = 2147483647;
			files = (
				9527CE432BAEB2E800C46991 /* registrationTests.swift in Sources */,
			);
			runOnlyForDeploymentPostprocessing = 0;
		};
		9527CE442BAEB2E800C46991 /* Sources */ = {
			isa = PBXSourcesBuildPhase;
			buildActionMask = 2147483647;
			files = (
				9527CE4D2BAEB2E800C46991 /* registrationUITests.swift in Sources */,
				9527CE4F2BAEB2E800C46991 /* registrationUITestsLaunchTests.swift in Sources */,
			);
			runOnlyForDeploymentPostprocessing = 0;
		};
/* End PBXSourcesBuildPhase section */

/* Begin PBXTargetDependency section */
		9527CE402BAEB2E800C46991 /* PBXTargetDependency */ = {
			isa = PBXTargetDependency;
			target = 9527CE242BAEB2DB00C46991 /* registration */;
			targetProxy = 9527CE3F2BAEB2E800C46991 /* PBXContainerItemProxy */;
		};
		9527CE4A2BAEB2E800C46991 /* PBXTargetDependency */ = {
			isa = PBXTargetDependency;
			target = 9527CE242BAEB2DB00C46991 /* registration */;
			targetProxy = 9527CE492BAEB2E800C46991 /* PBXContainerItemProxy */;
		};
/* End PBXTargetDependency section */

/* Begin PBXVariantGroup section */
		9527CE2E2BAEB2DD00C46991 /* Main.storyboard */ = {
			isa = PBXVariantGroup;
			children = (
				9527CE2F2BAEB2DD00C46991 /* Base */,
			);
			name = Main.storyboard;
			sourceTree = "<group>";
		};
		9527CE362BAEB2E700C46991 /* LaunchScreen.storyboard */ = {
			isa = PBXVariantGroup;
			children = (
				9527CE372BAEB2E700C46991 /* Base */,
			);
			name = LaunchScreen.storyboard;
			sourceTree = "<group>";
		};
/* End PBXVariantGroup section */

/* Begin XCBuildConfiguration section */
		9527CE502BAEB2E800C46991 /* Debug */ = {
			isa = XCBuildConfiguration;
			buildSettings = {
				ALWAYS_SEARCH_USER_PATHS = NO;
				CLANG_ANALYZER_NONNULL = YES;
				CLANG_ANALYZER_NUMBER_OBJECT_CONVERSION = YES_AGGRESSIVE;
				CLANG_CXX_LANGUAGE_STANDARD = "gnu++20";
				CLANG_ENABLE_MODULES = YES;
				CLANG_ENABLE_OBJC_ARC = YES;
				CLANG_ENABLE_OBJC_WEAK = YES;
				CLANG_WARN_BLOCK_CAPTURE_AUTORELEASING = YES;
				CLANG_WARN_BOOL_CONVERSION = YES;
				CLANG_WARN_COMMA = YES;
				CLANG_WARN_CONSTANT_CONVERSION = YES;
				CLANG_WARN_DEPRECATED_OBJC_IMPLEMENTATIONS = YES;
				CLANG_WARN_DIRECT_OBJC_ISA_USAGE = YES_ERROR;
				CLANG_WARN_DOCUMENTATION_COMMENTS = YES;
				CLANG_WARN_EMPTY_BODY = YES;
				CLANG_WARN_ENUM_CONVERSION = YES;
				CLANG_WARN_INFINITE_RECURSION = YES;
				CLANG_WARN_INT_CONVERSION = YES;
				CLANG_WARN_NON_LITERAL_NULL_CONVERSION = YES;
				CLANG_WARN_OBJC_IMPLICIT_RETAIN_SELF = YES;
				CLANG_WARN_OBJC_LITERAL_CONVERSION = YES;
				CLANG_WARN_OBJC_ROOT_CLASS = YES_ERROR;
				CLANG_WARN_QUOTED_INCLUDE_IN_FRAMEWORK_HEADER = YES;
				CLANG_WARN_RANGE_LOOP_ANALYSIS = YES;
				CLANG_WARN_STRICT_PROTOTYPES = YES;
				CLANG_WARN_SUSPICIOUS_MOVE = YES;
				CLANG_WARN_UNGUARDED_AVAILABILITY = YES_AGGRESSIVE;
				CLANG_WARN_UNREACHABLE_CODE = YES;
				CLANG_WARN__DUPLICATE_METHOD_MATCH = YES;
				COPY_PHASE_STRIP = NO;
				DEBUG_INFORMATION_FORMAT = dwarf;
				ENABLE_STRICT_OBJC_MSGSEND = YES;
				ENABLE_TESTABILITY = YES;
				GCC_C_LANGUAGE_STANDARD = gnu11;
				GCC_DYNAMIC_NO_PIC = NO;
				GCC_NO_COMMON_BLOCKS = YES;
				GCC_OPTIMIZATION_LEVEL = 0;
				GCC_PREPROCESSOR_DEFINITIONS = (
					"DEBUG=1",
					"$(inherited)",
				);
				GCC_WARN_64_TO_32_BIT_CONVERSION = YES;
				GCC_WARN_ABOUT_RETURN_TYPE = YES_ERROR;
				GCC_WARN_UNDECLARED_SELECTOR = YES;
				GCC_WARN_UNINITIALIZED_AUTOS = YES_AGGRESSIVE;
				GCC_WARN_UNUSED_FUNCTION = YES;
				GCC_WARN_UNUSED_VARIABLE = YES;
				IPHONEOS_DEPLOYMENT_TARGET = 16.2;
				MTL_ENABLE_DEBUG_INFO = INCLUDE_SOURCE;
				MTL_FAST_MATH = YES;
				ONLY_ACTIVE_ARCH = YES;
				SDKROOT = iphoneos;
				SWIFT_ACTIVE_COMPILATION_CONDITIONS = DEBUG;
				SWIFT_OPTIMIZATION_LEVEL = "-Onone";
			};
			name = Debug;
		};
		9527CE512BAEB2E800C46991 /* Release */ = {
			isa = XCBuildConfiguration;
			buildSettings = {
				ALWAYS_SEARCH_USER_PATHS = NO;
				CLANG_ANALYZER_NONNULL = YES;
				CLANG_ANALYZER_NUMBER_OBJECT_CONVERSION = YES_AGGRESSIVE;
				CLANG_CXX_LANGUAGE_STANDARD = "gnu++20";
				CLANG_ENABLE_MODULES = YES;
				CLANG_ENABLE_OBJC_ARC = YES;
				CLANG_ENABLE_OBJC_WEAK = YES;
				CLANG_WARN_BLOCK_CAPTURE_AUTORELEASING = YES;
				CLANG_WARN_BOOL_CONVERSION = YES;
				CLANG_WARN_COMMA = YES;
				CLANG_WARN_CONSTANT_CONVERSION = YES;
				CLANG_WARN_DEPRECATED_OBJC_IMPLEMENTATIONS = YES;
				CLANG_WARN_DIRECT_OBJC_ISA_USAGE = YES_ERROR;
				CLANG_WARN_DOCUMENTATION_COMMENTS = YES;
				CLANG_WARN_EMPTY_BODY = YES;
				CLANG_WARN_ENUM_CONVERSION = YES;
				CLANG_WARN_INFINITE_RECURSION = YES;
				CLANG_WARN_INT_CONVERSION = YES;
				CLANG_WARN_NON_LITERAL_NULL_CONVERSION = YES;
				CLANG_WARN_OBJC_IMPLICIT_RETAIN_SELF = YES;
				CLANG_WARN_OBJC_LITERAL_CONVERSION = YES;
				CLANG_WARN_OBJC_ROOT_CLASS = YES_ERROR;
				CLANG_WARN_QUOTED_INCLUDE_IN_FRAMEWORK_HEADER = YES;
				CLANG_WARN_RANGE_LOOP_ANALYSIS = YES;
				CLANG_WARN_STRICT_PROTOTYPES = YES;
				CLANG_WARN_SUSPICIOUS_MOVE = YES;
				CLANG_WARN_UNGUARDED_AVAILABILITY = YES_AGGRESSIVE;
				CLANG_WARN_UNREACHABLE_CODE = YES;
				CLANG_WARN__DUPLICATE_METHOD_MATCH = YES;
				COPY_PHASE_STRIP = NO;
				DEBUG_INFORMATION_FORMAT = "dwarf-with-dsym";
				ENABLE_NS_ASSERTIONS = NO;
				ENABLE_STRICT_OBJC_MSGSEND = YES;
				GCC_C_LANGUAGE_STANDARD = gnu11;
				GCC_NO_COMMON_BLOCKS = YES;
				GCC_WARN_64_TO_32_BIT_CONVERSION = YES;
				GCC_WARN_ABOUT_RETURN_TYPE = YES_ERROR;
				GCC_WARN_UNDECLARED_SELECTOR = YES;
				GCC_WARN_UNINITIALIZED_AUTOS = YES_AGGRESSIVE;
				GCC_WARN_UNUSED_FUNCTION = YES;
				GCC_WARN_UNUSED_VARIABLE = YES;
				IPHONEOS_DEPLOYMENT_TARGET = 16.2;
				MTL_ENABLE_DEBUG_INFO = NO;
				MTL_FAST_MATH = YES;
				SDKROOT = iphoneos;
				SWIFT_COMPILATION_MODE = wholemodule;
				SWIFT_OPTIMIZATION_LEVEL = "-O";
				VALIDATE_PRODUCT = YES;
			};
			name = Release;
		};
		9527CE532BAEB2E800C46991 /* Debug */ = {
			isa = XCBuildConfiguration;
			buildSettings = {
				ASSETCATALOG_COMPILER_APPICON_NAME = AppIcon;
				ASSETCATALOG_COMPILER_GLOBAL_ACCENT_COLOR_NAME = AccentColor;
				CODE_SIGN_STYLE = Automatic;
				CURRENT_PROJECT_VERSION = 1;
				GENERATE_INFOPLIST_FILE = YES;
				INFOPLIST_FILE = registration/Info.plist;
				INFOPLIST_KEY_UIApplicationSupportsIndirectInputEvents = YES;
				INFOPLIST_KEY_UILaunchStoryboardName = LaunchScreen;
				INFOPLIST_KEY_UIMainStoryboardFile = Main;
				INFOPLIST_KEY_UISupportedInterfaceOrientations_iPad = "UIInterfaceOrientationPortrait UIInterfaceOrientationPortraitUpsideDown UIInterfaceOrientationLandscapeLeft UIInterfaceOrientationLandscapeRight";
				INFOPLIST_KEY_UISupportedInterfaceOrientations_iPhone = "UIInterfaceOrientationPortrait UIInterfaceOrientationLandscapeLeft UIInterfaceOrientationLandscapeRight";
				LD_RUNPATH_SEARCH_PATHS = (
					"$(inherited)",
					"@executable_path/Frameworks",
				);
				MARKETING_VERSION = 1.0;
				PRODUCT_BUNDLE_IDENTIFIER = p1.registration;
				PRODUCT_NAME = "$(TARGET_NAME)";
				SWIFT_EMIT_LOC_STRINGS = YES;
				SWIFT_VERSION = 5.0;
				TARGETED_DEVICE_FAMILY = "1,2";
			};
			name = Debug;
		};
		9527CE542BAEB2E800C46991 /* Release */ = {
			isa = XCBuildConfiguration;
			buildSettings = {
				ASSETCATALOG_COMPILER_APPICON_NAME = AppIcon;
				ASSETCATALOG_COMPILER_GLOBAL_ACCENT_COLOR_NAME = AccentColor;
				CODE_SIGN_STYLE = Automatic;
				CURRENT_PROJECT_VERSION = 1;
				GENERATE_INFOPLIST_FILE = YES;
				INFOPLIST_FILE = registration/Info.plist;
				INFOPLIST_KEY_UIApplicationSupportsIndirectInputEvents = YES;
				INFOPLIST_KEY_UILaunchStoryboardName = LaunchScreen;
				INFOPLIST_KEY_UIMainStoryboardFile = Main;
				INFOPLIST_KEY_UISupportedInterfaceOrientations_iPad = "UIInterfaceOrientationPortrait UIInterfaceOrientationPortraitUpsideDown UIInterfaceOrientationLandscapeLeft UIInterfaceOrientationLandscapeRight";
				INFOPLIST_KEY_UISupportedInterfaceOrientations_iPhone = "UIInterfaceOrientationPortrait UIInterfaceOrientationLandscapeLeft UIInterfaceOrientationLandscapeRight";
				LD_RUNPATH_SEARCH_PATHS = (
					"$(inherited)",
					"@executable_path/Frameworks",
				);
				MARKETING_VERSION = 1.0;
				PRODUCT_BUNDLE_IDENTIFIER = p1.registration;
				PRODUCT_NAME = "$(TARGET_NAME)";
				SWIFT_EMIT_LOC_STRINGS = YES;
				SWIFT_VERSION = 5.0;
				TARGETED_DEVICE_FAMILY = "1,2";
			};
			name = Release;
		};
		9527CE562BAEB2E800C46991 /* Debug */ = {
			isa = XCBuildConfiguration;
			buildSettings = {
				ALWAYS_EMBED_SWIFT_STANDARD_LIBRARIES = YES;
				BUNDLE_LOADER = "$(TEST_HOST)";
				CODE_SIGN_STYLE = Automatic;
				CURRENT_PROJECT_VERSION = 1;
				GENERATE_INFOPLIST_FILE = YES;
				IPHONEOS_DEPLOYMENT_TARGET = 16.2;
				MARKETING_VERSION = 1.0;
				PRODUCT_BUNDLE_IDENTIFIER = p1.registrationTests;
				PRODUCT_NAME = "$(TARGET_NAME)";
				SWIFT_EMIT_LOC_STRINGS = NO;
				SWIFT_VERSION = 5.0;
				TARGETED_DEVICE_FAMILY = "1,2";
				TEST_HOST = "$(BUILT_PRODUCTS_DIR)/registration.app/$(BUNDLE_EXECUTABLE_FOLDER_PATH)/registration";
			};
			name = Debug;
		};
		9527CE572BAEB2E800C46991 /* Release */ = {
			isa = XCBuildConfiguration;
			buildSettings = {
				ALWAYS_EMBED_SWIFT_STANDARD_LIBRARIES = YES;
				BUNDLE_LOADER = "$(TEST_HOST)";
				CODE_SIGN_STYLE = Automatic;
				CURRENT_PROJECT_VERSION = 1;
				GENERATE_INFOPLIST_FILE = YES;
				IPHONEOS_DEPLOYMENT_TARGET = 16.2;
				MARKETING_VERSION = 1.0;
				PRODUCT_BUNDLE_IDENTIFIER = p1.registrationTests;
				PRODUCT_NAME = "$(TARGET_NAME)";
				SWIFT_EMIT_LOC_STRINGS = NO;
				SWIFT_VERSION = 5.0;
				TARGETED_DEVICE_FAMILY = "1,2";
				TEST_HOST = "$(BUILT_PRODUCTS_DIR)/registration.app/$(BUNDLE_EXECUTABLE_FOLDER_PATH)/registration";
			};
			name = Release;
		};
		9527CE592BAEB2E800C46991 /* Debug */ = {
			isa = XCBuildConfiguration;
			buildSettings = {
				ALWAYS_EMBED_SWIFT_STANDARD_LIBRARIES = YES;
				CODE_SIGN_STYLE = Automatic;
				CURRENT_PROJECT_VERSION = 1;
				GENERATE_INFOPLIST_FILE = YES;
				MARKETING_VERSION = 1.0;
				PRODUCT_BUNDLE_IDENTIFIER = p1.registrationUITests;
				PRODUCT_NAME = "$(TARGET_NAME)";
				SWIFT_EMIT_LOC_STRINGS = NO;
				SWIFT_VERSION = 5.0;
				TARGETED_DEVICE_FAMILY = "1,2";
				TEST_TARGET_NAME = registration;
			};
			name = Debug;
		};
		9527CE5A2BAEB2E800C46991 /* Release */ = {
			isa = XCBuildConfiguration;
			buildSettings = {
				ALWAYS_EMBED_SWIFT_STANDARD_LIBRARIES = YES;
				CODE_SIGN_STYLE = Automatic;
				CURRENT_PROJECT_VERSION = 1;
				GENERATE_INFOPLIST_FILE = YES;
				MARKETING_VERSION = 1.0;
				PRODUCT_BUNDLE_IDENTIFIER = p1.registrationUITests;
				PRODUCT_NAME = "$(TARGET_NAME)";
				SWIFT_EMIT_LOC_STRINGS = NO;
				SWIFT_VERSION = 5.0;
				TARGETED_DEVICE_FAMILY = "1,2";
				TEST_TARGET_NAME = registration;
			};
			name = Release;
		};
/* End XCBuildConfiguration section */

/* Begin XCConfigurationList section */
		9527CE202BAEB2DB00C46991 /* Build configuration list for PBXProject "registration" */ = {
			isa = XCConfigurationList;
			buildConfigurations = (
				9527CE502BAEB2E800C46991 /* Debug */,
				9527CE512BAEB2E800C46991 /* Release */,
			);
			defaultConfigurationIsVisible = 0;
			defaultConfigurationName = Release;
		};
		9527CE522BAEB2E800C46991 /* Build configuration list for PBXNativeTarget "registration" */ = {
			isa = XCConfigurationList;
			buildConfigurations = (
				9527CE532BAEB2E800C46991 /* Debug */,
				9527CE542BAEB2E800C46991 /* Release */,
			);
			defaultConfigurationIsVisible = 0;
			defaultConfigurationName = Release;
		};
		9527CE552BAEB2E800C46991 /* Build configuration list for PBXNativeTarget "registrationTests" */ = {
			isa = XCConfigurationList;
			buildConfigurations = (
				9527CE562BAEB2E800C46991 /* Debug */,
				9527CE572BAEB2E800C46991 /* Release */,
			);
			defaultConfigurationIsVisible = 0;
			defaultConfigurationName = Release;
		};
		9527CE582BAEB2E800C46991 /* Build configuration list for PBXNativeTarget "registrationUITests" */ = {
			isa = XCConfigurationList;
			buildConfigurations = (
				9527CE592BAEB2E800C46991 /* Debug */,
				9527CE5A2BAEB2E800C46991 /* Release */,
			);
			defaultConfigurationIsVisible = 0;
			defaultConfigurationName = Release;
		};
/* End XCConfigurationList section */

/* Begin XCVersionGroup section */
		9527CE312BAEB2DE00C46991 /* registration.xcdatamodeld */ = {
			isa = XCVersionGroup;
			children = (
				9527CE322BAEB2DE00C46991 /* registration.xcdatamodel */,
			);
			currentVersion = 9527CE322BAEB2DE00C46991 /* registration.xcdatamodel */;
			path = registration.xcdatamodeld;
			sourceTree = "<group>";
			versionGroupType = wrapper.xcdatamodel;
		};
/* End XCVersionGroup section */
	};
	rootObject = 9527CE1D2BAEB2DB00C46991 /* Project object */;
}
