// !$*UTF8*$!
{
	archiveVersion = 1;
	classes = {
	};
	objectVersion = 56;
	objects = {

/* Begin PBXBuildFile section */
		9578E5E72B9EC3E700C0E127 /* AppDelegate.swift in Sources */ = {isa = PBXBuildFile; fileRef = 9578E5E62B9EC3E700C0E127 /* AppDelegate.swift */; };
		9578E5E92B9EC3E700C0E127 /* SceneDelegate.swift in Sources */ = {isa = PBXBuildFile; fileRef = 9578E5E82B9EC3E700C0E127 /* SceneDelegate.swift */; };
		9578E5EB2B9EC3E700C0E127 /* ViewController.swift in Sources */ = {isa = PBXBuildFile; fileRef = 9578E5EA2B9EC3E700C0E127 /* ViewController.swift */; };
		9578E5EE2B9EC3E700C0E127 /* Main.storyboard in Resources */ = {isa = PBXBuildFile; fileRef = 9578E5EC2B9EC3E700C0E127 /* Main.storyboard */; };
		9578E5F02B9EC3EA00C0E127 /* Assets.xcassets in Resources */ = {isa = PBXBuildFile; fileRef = 9578E5EF2B9EC3EA00C0E127 /* Assets.xcassets */; };
		9578E5F32B9EC3EA00C0E127 /* LaunchScreen.storyboard in Resources */ = {isa = PBXBuildFile; fileRef = 9578E5F12B9EC3EA00C0E127 /* LaunchScreen.storyboard */; };
		9578E5FE2B9EC3EA00C0E127 /* imagepickerTests.swift in Sources */ = {isa = PBXBuildFile; fileRef = 9578E5FD2B9EC3EA00C0E127 /* imagepickerTests.swift */; };
		9578E6082B9EC3EA00C0E127 /* imagepickerUITests.swift in Sources */ = {isa = PBXBuildFile; fileRef = 9578E6072B9EC3EA00C0E127 /* imagepickerUITests.swift */; };
		9578E60A2B9EC3EA00C0E127 /* imagepickerUITestsLaunchTests.swift in Sources */ = {isa = PBXBuildFile; fileRef = 9578E6092B9EC3EA00C0E127 /* imagepickerUITestsLaunchTests.swift */; };
/* End PBXBuildFile section */

/* Begin PBXContainerItemProxy section */
		9578E5FA2B9EC3EA00C0E127 /* PBXContainerItemProxy */ = {
			isa = PBXContainerItemProxy;
			containerPortal = 9578E5DB2B9EC3E700C0E127 /* Project object */;
			proxyType = 1;
			remoteGlobalIDString = 9578E5E22B9EC3E700C0E127;
			remoteInfo = imagepicker;
		};
		9578E6042B9EC3EA00C0E127 /* PBXContainerItemProxy */ = {
			isa = PBXContainerItemProxy;
			containerPortal = 9578E5DB2B9EC3E700C0E127 /* Project object */;
			proxyType = 1;
			remoteGlobalIDString = 9578E5E22B9EC3E700C0E127;
			remoteInfo = imagepicker;
		};
/* End PBXContainerItemProxy section */

/* Begin PBXFileReference section */
		9578E5E32B9EC3E700C0E127 /* imagepicker.app */ = {isa = PBXFileReference; explicitFileType = wrapper.application; includeInIndex = 0; path = imagepicker.app; sourceTree = BUILT_PRODUCTS_DIR; };
		9578E5E62B9EC3E700C0E127 /* AppDelegate.swift */ = {isa = PBXFileReference; lastKnownFileType = sourcecode.swift; path = AppDelegate.swift; sourceTree = "<group>"; };
		9578E5E82B9EC3E700C0E127 /* SceneDelegate.swift */ = {isa = PBXFileReference; lastKnownFileType = sourcecode.swift; path = SceneDelegate.swift; sourceTree = "<group>"; };
		9578E5EA2B9EC3E700C0E127 /* ViewController.swift */ = {isa = PBXFileReference; lastKnownFileType = sourcecode.swift; path = ViewController.swift; sourceTree = "<group>"; };
		9578E5ED2B9EC3E700C0E127 /* Base */ = {isa = PBXFileReference; lastKnownFileType = file.storyboard; name = Base; path = Base.lproj/Main.storyboard; sourceTree = "<group>"; };
		9578E5EF2B9EC3EA00C0E127 /* Assets.xcassets */ = {isa = PBXFileReference; lastKnownFileType = folder.assetcatalog; path = Assets.xcassets; sourceTree = "<group>"; };
		9578E5F22B9EC3EA00C0E127 /* Base */ = {isa = PBXFileReference; lastKnownFileType = file.storyboard; name = Base; path = Base.lproj/LaunchScreen.storyboard; sourceTree = "<group>"; };
		9578E5F42B9EC3EA00C0E127 /* Info.plist */ = {isa = PBXFileReference; lastKnownFileType = text.plist.xml; path = Info.plist; sourceTree = "<group>"; };
		9578E5F92B9EC3EA00C0E127 /* imagepickerTests.xctest */ = {isa = PBXFileReference; explicitFileType = wrapper.cfbundle; includeInIndex = 0; path = imagepickerTests.xctest; sourceTree = BUILT_PRODUCTS_DIR; };
		9578E5FD2B9EC3EA00C0E127 /* imagepickerTests.swift */ = {isa = PBXFileReference; lastKnownFileType = sourcecode.swift; path = imagepickerTests.swift; sourceTree = "<group>"; };
		9578E6032B9EC3EA00C0E127 /* imagepickerUITests.xctest */ = {isa = PBXFileReference; explicitFileType = wrapper.cfbundle; includeInIndex = 0; path = imagepickerUITests.xctest; sourceTree = BUILT_PRODUCTS_DIR; };
		9578E6072B9EC3EA00C0E127 /* imagepickerUITests.swift */ = {isa = PBXFileReference; lastKnownFileType = sourcecode.swift; path = imagepickerUITests.swift; sourceTree = "<group>"; };
		9578E6092B9EC3EA00C0E127 /* imagepickerUITestsLaunchTests.swift */ = {isa = PBXFileReference; lastKnownFileType = sourcecode.swift; path = imagepickerUITestsLaunchTests.swift; sourceTree = "<group>"; };
/* End PBXFileReference section */

/* Begin PBXFrameworksBuildPhase section */
		9578E5E02B9EC3E700C0E127 /* Frameworks */ = {
			isa = PBXFrameworksBuildPhase;
			buildActionMask = 2147483647;
			files = (
			);
			runOnlyForDeploymentPostprocessing = 0;
		};
		9578E5F62B9EC3EA00C0E127 /* Frameworks */ = {
			isa = PBXFrameworksBuildPhase;
			buildActionMask = 2147483647;
			files = (
			);
			runOnlyForDeploymentPostprocessing = 0;
		};
		9578E6002B9EC3EA00C0E127 /* Frameworks */ = {
			isa = PBXFrameworksBuildPhase;
			buildActionMask = 2147483647;
			files = (
			);
			runOnlyForDeploymentPostprocessing = 0;
		};
/* End PBXFrameworksBuildPhase section */

/* Begin PBXGroup section */
		9578E5DA2B9EC3E700C0E127 = {
			isa = PBXGroup;
			children = (
				9578E5E52B9EC3E700C0E127 /* imagepicker */,
				9578E5FC2B9EC3EA00C0E127 /* imagepickerTests */,
				9578E6062B9EC3EA00C0E127 /* imagepickerUITests */,
				9578E5E42B9EC3E700C0E127 /* Products */,
			);
			sourceTree = "<group>";
		};
		9578E5E42B9EC3E700C0E127 /* Products */ = {
			isa = PBXGroup;
			children = (
				9578E5E32B9EC3E700C0E127 /* imagepicker.app */,
				9578E5F92B9EC3EA00C0E127 /* imagepickerTests.xctest */,
				9578E6032B9EC3EA00C0E127 /* imagepickerUITests.xctest */,
			);
			name = Products;
			sourceTree = "<group>";
		};
		9578E5E52B9EC3E700C0E127 /* imagepicker */ = {
			isa = PBXGroup;
			children = (
				9578E5E62B9EC3E700C0E127 /* AppDelegate.swift */,
				9578E5E82B9EC3E700C0E127 /* SceneDelegate.swift */,
				9578E5EA2B9EC3E700C0E127 /* ViewController.swift */,
				9578E5EC2B9EC3E700C0E127 /* Main.storyboard */,
				9578E5EF2B9EC3EA00C0E127 /* Assets.xcassets */,
				9578E5F12B9EC3EA00C0E127 /* LaunchScreen.storyboard */,
				9578E5F42B9EC3EA00C0E127 /* Info.plist */,
			);
			path = imagepicker;
			sourceTree = "<group>";
		};
		9578E5FC2B9EC3EA00C0E127 /* imagepickerTests */ = {
			isa = PBXGroup;
			children = (
				9578E5FD2B9EC3EA00C0E127 /* imagepickerTests.swift */,
			);
			path = imagepickerTests;
			sourceTree = "<group>";
		};
		9578E6062B9EC3EA00C0E127 /* imagepickerUITests */ = {
			isa = PBXGroup;
			children = (
				9578E6072B9EC3EA00C0E127 /* imagepickerUITests.swift */,
				9578E6092B9EC3EA00C0E127 /* imagepickerUITestsLaunchTests.swift */,
			);
			path = imagepickerUITests;
			sourceTree = "<group>";
		};
/* End PBXGroup section */

/* Begin PBXNativeTarget section */
		9578E5E22B9EC3E700C0E127 /* imagepicker */ = {
			isa = PBXNativeTarget;
			buildConfigurationList = 9578E60D2B9EC3EA00C0E127 /* Build configuration list for PBXNativeTarget "imagepicker" */;
			buildPhases = (
				9578E5DF2B9EC3E700C0E127 /* Sources */,
				9578E5E02B9EC3E700C0E127 /* Frameworks */,
				9578E5E12B9EC3E700C0E127 /* Resources */,
			);
			buildRules = (
			);
			dependencies = (
			);
			name = imagepicker;
			productName = imagepicker;
			productReference = 9578E5E32B9EC3E700C0E127 /* imagepicker.app */;
			productType = "com.apple.product-type.application";
		};
		9578E5F82B9EC3EA00C0E127 /* imagepickerTests */ = {
			isa = PBXNativeTarget;
			buildConfigurationList = 9578E6102B9EC3EA00C0E127 /* Build configuration list for PBXNativeTarget "imagepickerTests" */;
			buildPhases = (
				9578E5F52B9EC3EA00C0E127 /* Sources */,
				9578E5F62B9EC3EA00C0E127 /* Frameworks */,
				9578E5F72B9EC3EA00C0E127 /* Resources */,
			);
			buildRules = (
			);
			dependencies = (
				9578E5FB2B9EC3EA00C0E127 /* PBXTargetDependency */,
			);
			name = imagepickerTests;
			productName = imagepickerTests;
			productReference = 9578E5F92B9EC3EA00C0E127 /* imagepickerTests.xctest */;
			productType = "com.apple.product-type.bundle.unit-test";
		};
		9578E6022B9EC3EA00C0E127 /* imagepickerUITests */ = {
			isa = PBXNativeTarget;
			buildConfigurationList = 9578E6132B9EC3EA00C0E127 /* Build configuration list for PBXNativeTarget "imagepickerUITests" */;
			buildPhases = (
				9578E5FF2B9EC3EA00C0E127 /* Sources */,
				9578E6002B9EC3EA00C0E127 /* Frameworks */,
				9578E6012B9EC3EA00C0E127 /* Resources */,
			);
			buildRules = (
			);
			dependencies = (
				9578E6052B9EC3EA00C0E127 /* PBXTargetDependency */,
			);
			name = imagepickerUITests;
			productName = imagepickerUITests;
			productReference = 9578E6032B9EC3EA00C0E127 /* imagepickerUITests.xctest */;
			productType = "com.apple.product-type.bundle.ui-testing";
		};
/* End PBXNativeTarget section */

/* Begin PBXProject section */
		9578E5DB2B9EC3E700C0E127 /* Project object */ = {
			isa = PBXProject;
			attributes = {
				BuildIndependentTargetsInParallel = 1;
				LastSwiftUpdateCheck = 1420;
				LastUpgradeCheck = 1420;
				TargetAttributes = {
					9578E5E22B9EC3E700C0E127 = {
						CreatedOnToolsVersion = 14.2;
					};
					9578E5F82B9EC3EA00C0E127 = {
						CreatedOnToolsVersion = 14.2;
						TestTargetID = 9578E5E22B9EC3E700C0E127;
					};
					9578E6022B9EC3EA00C0E127 = {
						CreatedOnToolsVersion = 14.2;
						TestTargetID = 9578E5E22B9EC3E700C0E127;
					};
				};
			};
			buildConfigurationList = 9578E5DE2B9EC3E700C0E127 /* Build configuration list for PBXProject "imagepicker" */;
			compatibilityVersion = "Xcode 14.0";
			developmentRegion = en;
			hasScannedForEncodings = 0;
			knownRegions = (
				en,
				Base,
			);
			mainGroup = 9578E5DA2B9EC3E700C0E127;
			productRefGroup = 9578E5E42B9EC3E700C0E127 /* Products */;
			projectDirPath = "";
			projectRoot = "";
			targets = (
				9578E5E22B9EC3E700C0E127 /* imagepicker */,
				9578E5F82B9EC3EA00C0E127 /* imagepickerTests */,
				9578E6022B9EC3EA00C0E127 /* imagepickerUITests */,
			);
		};
/* End PBXProject section */

/* Begin PBXResourcesBuildPhase section */
		9578E5E12B9EC3E700C0E127 /* Resources */ = {
			isa = PBXResourcesBuildPhase;
			buildActionMask = 2147483647;
			files = (
				9578E5F32B9EC3EA00C0E127 /* LaunchScreen.storyboard in Resources */,
				9578E5F02B9EC3EA00C0E127 /* Assets.xcassets in Resources */,
				9578E5EE2B9EC3E700C0E127 /* Main.storyboard in Resources */,
			);
			runOnlyForDeploymentPostprocessing = 0;
		};
		9578E5F72B9EC3EA00C0E127 /* Resources */ = {
			isa = PBXResourcesBuildPhase;
			buildActionMask = 2147483647;
			files = (
			);
			runOnlyForDeploymentPostprocessing = 0;
		};
		9578E6012B9EC3EA00C0E127 /* Resources */ = {
			isa = PBXResourcesBuildPhase;
			buildActionMask = 2147483647;
			files = (
			);
			runOnlyForDeploymentPostprocessing = 0;
		};
/* End PBXResourcesBuildPhase section */

/* Begin PBXSourcesBuildPhase section */
		9578E5DF2B9EC3E700C0E127 /* Sources */ = {
			isa = PBXSourcesBuildPhase;
			buildActionMask = 2147483647;
			files = (
				9578E5EB2B9EC3E700C0E127 /* ViewController.swift in Sources */,
				9578E5E72B9EC3E700C0E127 /* AppDelegate.swift in Sources */,
				9578E5E92B9EC3E700C0E127 /* SceneDelegate.swift in Sources */,
			);
			runOnlyForDeploymentPostprocessing = 0;
		};
		9578E5F52B9EC3EA00C0E127 /* Sources */ = {
			isa = PBXSourcesBuildPhase;
			buildActionMask = 2147483647;
			files = (
				9578E5FE2B9EC3EA00C0E127 /* imagepickerTests.swift in Sources */,
			);
			runOnlyForDeploymentPostprocessing = 0;
		};
		9578E5FF2B9EC3EA00C0E127 /* Sources */ = {
			isa = PBXSourcesBuildPhase;
			buildActionMask = 2147483647;
			files = (
				9578E60A2B9EC3EA00C0E127 /* imagepickerUITestsLaunchTests.swift in Sources */,
				9578E6082B9EC3EA00C0E127 /* imagepickerUITests.swift in Sources */,
			);
			runOnlyForDeploymentPostprocessing = 0;
		};
/* End PBXSourcesBuildPhase section */

/* Begin PBXTargetDependency section */
		9578E5FB2B9EC3EA00C0E127 /* PBXTargetDependency */ = {
			isa = PBXTargetDependency;
			target = 9578E5E22B9EC3E700C0E127 /* imagepicker */;
			targetProxy = 9578E5FA2B9EC3EA00C0E127 /* PBXContainerItemProxy */;
		};
		9578E6052B9EC3EA00C0E127 /* PBXTargetDependency */ = {
			isa = PBXTargetDependency;
			target = 9578E5E22B9EC3E700C0E127 /* imagepicker */;
			targetProxy = 9578E6042B9EC3EA00C0E127 /* PBXContainerItemProxy */;
		};
/* End PBXTargetDependency section */

/* Begin PBXVariantGroup section */
		9578E5EC2B9EC3E700C0E127 /* Main.storyboard */ = {
			isa = PBXVariantGroup;
			children = (
				9578E5ED2B9EC3E700C0E127 /* Base */,
			);
			name = Main.storyboard;
			sourceTree = "<group>";
		};
		9578E5F12B9EC3EA00C0E127 /* LaunchScreen.storyboard */ = {
			isa = PBXVariantGroup;
			children = (
				9578E5F22B9EC3EA00C0E127 /* Base */,
			);
			name = LaunchScreen.storyboard;
			sourceTree = "<group>";
		};
/* End PBXVariantGroup section */

/* Begin XCBuildConfiguration section */
		9578E60B2B9EC3EA00C0E127 /* Debug */ = {
			isa = XCBuildConfiguration;
			buildSettings = {
				ALWAYS_SEARCH_USER_PATHS = NO;
				CLANG_ANALYZER_NONNULL = YES;
				CLANG_ANALYZER_NUMBER_OBJECT_CONVERSION = YES_AGGRESSIVE;
				CLANG_CXX_LANGUAGE_STANDARD = "gnu++20";
				CLANG_ENABLE_MODULES = YES;
				CLANG_ENABLE_OBJC_ARC = YES;
				CLANG_ENABLE_OBJC_WEAK = YES;
				CLANG_WARN_BLOCK_CAPTURE_AUTORELEASING = YES;
				CLANG_WARN_BOOL_CONVERSION = YES;
				CLANG_WARN_COMMA = YES;
				CLANG_WARN_CONSTANT_CONVERSION = YES;
				CLANG_WARN_DEPRECATED_OBJC_IMPLEMENTATIONS = YES;
				CLANG_WARN_DIRECT_OBJC_ISA_USAGE = YES_ERROR;
				CLANG_WARN_DOCUMENTATION_COMMENTS = YES;
				CLANG_WARN_EMPTY_BODY = YES;
				CLANG_WARN_ENUM_CONVERSION = YES;
				CLANG_WARN_INFINITE_RECURSION = YES;
				CLANG_WARN_INT_CONVERSION = YES;
				CLANG_WARN_NON_LITERAL_NULL_CONVERSION = YES;
				CLANG_WARN_OBJC_IMPLICIT_RETAIN_SELF = YES;
				CLANG_WARN_OBJC_LITERAL_CONVERSION = YES;
				CLANG_WARN_OBJC_ROOT_CLASS = YES_ERROR;
				CLANG_WARN_QUOTED_INCLUDE_IN_FRAMEWORK_HEADER = YES;
				CLANG_WARN_RANGE_LOOP_ANALYSIS = YES;
				CLANG_WARN_STRICT_PROTOTYPES = YES;
				CLANG_WARN_SUSPICIOUS_MOVE = YES;
				CLANG_WARN_UNGUARDED_AVAILABILITY = YES_AGGRESSIVE;
				CLANG_WARN_UNREACHABLE_CODE = YES;
				CLANG_WARN__DUPLICATE_METHOD_MATCH = YES;
				COPY_PHASE_STRIP = NO;
				DEBUG_INFORMATION_FORMAT = dwarf;
				ENABLE_STRICT_OBJC_MSGSEND = YES;
				ENABLE_TESTABILITY = YES;
				GCC_C_LANGUAGE_STANDARD = gnu11;
				GCC_DYNAMIC_NO_PIC = NO;
				GCC_NO_COMMON_BLOCKS = YES;
				GCC_OPTIMIZATION_LEVEL = 0;
				GCC_PREPROCESSOR_DEFINITIONS = (
					"DEBUG=1",
					"$(inherited)",
				);
				GCC_WARN_64_TO_32_BIT_CONVERSION = YES;
				GCC_WARN_ABOUT_RETURN_TYPE = YES_ERROR;
				GCC_WARN_UNDECLARED_SELECTOR = YES;
				GCC_WARN_UNINITIALIZED_AUTOS = YES_AGGRESSIVE;
				GCC_WARN_UNUSED_FUNCTION = YES;
				GCC_WARN_UNUSED_VARIABLE = YES;
				IPHONEOS_DEPLOYMENT_TARGET = 16.2;
				MTL_ENABLE_DEBUG_INFO = INCLUDE_SOURCE;
				MTL_FAST_MATH = YES;
				ONLY_ACTIVE_ARCH = YES;
				SDKROOT = iphoneos;
				SWIFT_ACTIVE_COMPILATION_CONDITIONS = DEBUG;
				SWIFT_OPTIMIZATION_LEVEL = "-Onone";
			};
			name = Debug;
		};
		9578E60C2B9EC3EA00C0E127 /* Release */ = {
			isa = XCBuildConfiguration;
			buildSettings = {
				ALWAYS_SEARCH_USER_PATHS = NO;
				CLANG_ANALYZER_NONNULL = YES;
				CLANG_ANALYZER_NUMBER_OBJECT_CONVERSION = YES_AGGRESSIVE;
				CLANG_CXX_LANGUAGE_STANDARD = "gnu++20";
				CLANG_ENABLE_MODULES = YES;
				CLANG_ENABLE_OBJC_ARC = YES;
				CLANG_ENABLE_OBJC_WEAK = YES;
				CLANG_WARN_BLOCK_CAPTURE_AUTORELEASING = YES;
				CLANG_WARN_BOOL_CONVERSION = YES;
				CLANG_WARN_COMMA = YES;
				CLANG_WARN_CONSTANT_CONVERSION = YES;
				CLANG_WARN_DEPRECATED_OBJC_IMPLEMENTATIONS = YES;
				CLANG_WARN_DIRECT_OBJC_ISA_USAGE = YES_ERROR;
				CLANG_WARN_DOCUMENTATION_COMMENTS = YES;
				CLANG_WARN_EMPTY_BODY = YES;
				CLANG_WARN_ENUM_CONVERSION = YES;
				CLANG_WARN_INFINITE_RECURSION = YES;
				CLANG_WARN_INT_CONVERSION = YES;
				CLANG_WARN_NON_LITERAL_NULL_CONVERSION = YES;
				CLANG_WARN_OBJC_IMPLICIT_RETAIN_SELF = YES;
				CLANG_WARN_OBJC_LITERAL_CONVERSION = YES;
				CLANG_WARN_OBJC_ROOT_CLASS = YES_ERROR;
				CLANG_WARN_QUOTED_INCLUDE_IN_FRAMEWORK_HEADER = YES;
				CLANG_WARN_RANGE_LOOP_ANALYSIS = YES;
				CLANG_WARN_STRICT_PROTOTYPES = YES;
				CLANG_WARN_SUSPICIOUS_MOVE = YES;
				CLANG_WARN_UNGUARDED_AVAILABILITY = YES_AGGRESSIVE;
				CLANG_WARN_UNREACHABLE_CODE = YES;
				CLANG_WARN__DUPLICATE_METHOD_MATCH = YES;
				COPY_PHASE_STRIP = NO;
				DEBUG_INFORMATION_FORMAT = "dwarf-with-dsym";
				ENABLE_NS_ASSERTIONS = NO;
				ENABLE_STRICT_OBJC_MSGSEND = YES;
				GCC_C_LANGUAGE_STANDARD = gnu11;
				GCC_NO_COMMON_BLOCKS = YES;
				GCC_WARN_64_TO_32_BIT_CONVERSION = YES;
				GCC_WARN_ABOUT_RETURN_TYPE = YES_ERROR;
				GCC_WARN_UNDECLARED_SELECTOR = YES;
				GCC_WARN_UNINITIALIZED_AUTOS = YES_AGGRESSIVE;
				GCC_WARN_UNUSED_FUNCTION = YES;
				GCC_WARN_UNUSED_VARIABLE = YES;
				IPHONEOS_DEPLOYMENT_TARGET = 16.2;
				MTL_ENABLE_DEBUG_INFO = NO;
				MTL_FAST_MATH = YES;
				SDKROOT = iphoneos;
				SWIFT_COMPILATION_MODE = wholemodule;
				SWIFT_OPTIMIZATION_LEVEL = "-O";
				VALIDATE_PRODUCT = YES;
			};
			name = Release;
		};
		9578E60E2B9EC3EA00C0E127 /* Debug */ = {
			isa = XCBuildConfiguration;
			buildSettings = {
				ASSETCATALOG_COMPILER_APPICON_NAME = AppIcon;
				ASSETCATALOG_COMPILER_GLOBAL_ACCENT_COLOR_NAME = AccentColor;
				CODE_SIGN_STYLE = Automatic;
				CURRENT_PROJECT_VERSION = 1;
				GENERATE_INFOPLIST_FILE = YES;
				INFOPLIST_FILE = imagepicker/Info.plist;
				INFOPLIST_KEY_UIApplicationSupportsIndirectInputEvents = YES;
				INFOPLIST_KEY_UILaunchStoryboardName = LaunchScreen;
				INFOPLIST_KEY_UIMainStoryboardFile = Main;
				INFOPLIST_KEY_UISupportedInterfaceOrientations_iPad = "UIInterfaceOrientationPortrait UIInterfaceOrientationPortraitUpsideDown UIInterfaceOrientationLandscapeLeft UIInterfaceOrientationLandscapeRight";
				INFOPLIST_KEY_UISupportedInterfaceOrientations_iPhone = "UIInterfaceOrientationPortrait UIInterfaceOrientationLandscapeLeft UIInterfaceOrientationLandscapeRight";
				LD_RUNPATH_SEARCH_PATHS = (
					"$(inherited)",
					"@executable_path/Frameworks",
				);
				MARKETING_VERSION = 1.0;
				PRODUCT_BUNDLE_IDENTIFIER = UTU.imagepicker;
				PRODUCT_NAME = "$(TARGET_NAME)";
				SWIFT_EMIT_LOC_STRINGS = YES;
				SWIFT_VERSION = 5.0;
				TARGETED_DEVICE_FAMILY = "1,2";
			};
			name = Debug;
		};
		9578E60F2B9EC3EA00C0E127 /* Release */ = {
			isa = XCBuildConfiguration;
			buildSettings = {
				ASSETCATALOG_COMPILER_APPICON_NAME = AppIcon;
				ASSETCATALOG_COMPILER_GLOBAL_ACCENT_COLOR_NAME = AccentColor;
				CODE_SIGN_STYLE = Automatic;
				CURRENT_PROJECT_VERSION = 1;
				GENERATE_INFOPLIST_FILE = YES;
				INFOPLIST_FILE = imagepicker/Info.plist;
				INFOPLIST_KEY_UIApplicationSupportsIndirectInputEvents = YES;
				INFOPLIST_KEY_UILaunchStoryboardName = LaunchScreen;
				INFOPLIST_KEY_UIMainStoryboardFile = Main;
				INFOPLIST_KEY_UISupportedInterfaceOrientations_iPad = "UIInterfaceOrientationPortrait UIInterfaceOrientationPortraitUpsideDown UIInterfaceOrientationLandscapeLeft UIInterfaceOrientationLandscapeRight";
				INFOPLIST_KEY_UISupportedInterfaceOrientations_iPhone = "UIInterfaceOrientationPortrait UIInterfaceOrientationLandscapeLeft UIInterfaceOrientationLandscapeRight";
				LD_RUNPATH_SEARCH_PATHS = (
					"$(inherited)",
					"@executable_path/Frameworks",
				);
				MARKETING_VERSION = 1.0;
				PRODUCT_BUNDLE_IDENTIFIER = UTU.imagepicker;
				PRODUCT_NAME = "$(TARGET_NAME)";
				SWIFT_EMIT_LOC_STRINGS = YES;
				SWIFT_VERSION = 5.0;
				TARGETED_DEVICE_FAMILY = "1,2";
			};
			name = Release;
		};
		9578E6112B9EC3EA00C0E127 /* Debug */ = {
			isa = XCBuildConfiguration;
			buildSettings = {
				ALWAYS_EMBED_SWIFT_STANDARD_LIBRARIES = YES;
				BUNDLE_LOADER = "$(TEST_HOST)";
				CODE_SIGN_STYLE = Automatic;
				CURRENT_PROJECT_VERSION = 1;
				GENERATE_INFOPLIST_FILE = YES;
				IPHONEOS_DEPLOYMENT_TARGET = 16.2;
				MARKETING_VERSION = 1.0;
				PRODUCT_BUNDLE_IDENTIFIER = UTU.imagepickerTests;
				PRODUCT_NAME = "$(TARGET_NAME)";
				SWIFT_EMIT_LOC_STRINGS = NO;
				SWIFT_VERSION = 5.0;
				TARGETED_DEVICE_FAMILY = "1,2";
				TEST_HOST = "$(BUILT_PRODUCTS_DIR)/imagepicker.app/$(BUNDLE_EXECUTABLE_FOLDER_PATH)/imagepicker";
			};
			name = Debug;
		};
		9578E6122B9EC3EA00C0E127 /* Release */ = {
			isa = XCBuildConfiguration;
			buildSettings = {
				ALWAYS_EMBED_SWIFT_STANDARD_LIBRARIES = YES;
				BUNDLE_LOADER = "$(TEST_HOST)";
				CODE_SIGN_STYLE = Automatic;
				CURRENT_PROJECT_VERSION = 1;
				GENERATE_INFOPLIST_FILE = YES;
				IPHONEOS_DEPLOYMENT_TARGET = 16.2;
				MARKETING_VERSION = 1.0;
				PRODUCT_BUNDLE_IDENTIFIER = UTU.imagepickerTests;
				PRODUCT_NAME = "$(TARGET_NAME)";
				SWIFT_EMIT_LOC_STRINGS = NO;
				SWIFT_VERSION = 5.0;
				TARGETED_DEVICE_FAMILY = "1,2";
				TEST_HOST = "$(BUILT_PRODUCTS_DIR)/imagepicker.app/$(BUNDLE_EXECUTABLE_FOLDER_PATH)/imagepicker";
			};
			name = Release;
		};
		9578E6142B9EC3EA00C0E127 /* Debug */ = {
			isa = XCBuildConfiguration;
			buildSettings = {
				ALWAYS_EMBED_SWIFT_STANDARD_LIBRARIES = YES;
				CODE_SIGN_STYLE = Automatic;
				CURRENT_PROJECT_VERSION = 1;
				GENERATE_INFOPLIST_FILE = YES;
				MARKETING_VERSION = 1.0;
				PRODUCT_BUNDLE_IDENTIFIER = UTU.imagepickerUITests;
				PRODUCT_NAME = "$(TARGET_NAME)";
				SWIFT_EMIT_LOC_STRINGS = NO;
				SWIFT_VERSION = 5.0;
				TARGETED_DEVICE_FAMILY = "1,2";
				TEST_TARGET_NAME = imagepicker;
			};
			name = Debug;
		};
		9578E6152B9EC3EA00C0E127 /* Release */ = {
			isa = XCBuildConfiguration;
			buildSettings = {
				ALWAYS_EMBED_SWIFT_STANDARD_LIBRARIES = YES;
				CODE_SIGN_STYLE = Automatic;
				CURRENT_PROJECT_VERSION = 1;
				GENERATE_INFOPLIST_FILE = YES;
				MARKETING_VERSION = 1.0;
				PRODUCT_BUNDLE_IDENTIFIER = UTU.imagepickerUITests;
				PRODUCT_NAME = "$(TARGET_NAME)";
				SWIFT_EMIT_LOC_STRINGS = NO;
				SWIFT_VERSION = 5.0;
				TARGETED_DEVICE_FAMILY = "1,2";
				TEST_TARGET_NAME = imagepicker;
			};
			name = Release;
		};
/* End XCBuildConfiguration section */

/* Begin XCConfigurationList section */
		9578E5DE2B9EC3E700C0E127 /* Build configuration list for PBXProject "imagepicker" */ = {
			isa = XCConfigurationList;
			buildConfigurations = (
				9578E60B2B9EC3EA00C0E127 /* Debug */,
				9578E60C2B9EC3EA00C0E127 /* Release */,
			);
			defaultConfigurationIsVisible = 0;
			defaultConfigurationName = Release;
		};
		9578E60D2B9EC3EA00C0E127 /* Build configuration list for PBXNativeTarget "imagepicker" */ = {
			isa = XCConfigurationList;
			buildConfigurations = (
				9578E60E2B9EC3EA00C0E127 /* Debug */,
				9578E60F2B9EC3EA00C0E127 /* Release */,
			);
			defaultConfigurationIsVisible = 0;
			defaultConfigurationName = Release;
		};
		9578E6102B9EC3EA00C0E127 /* Build configuration list for PBXNativeTarget "imagepickerTests" */ = {
			isa = XCConfigurationList;
			buildConfigurations = (
				9578E6112B9EC3EA00C0E127 /* Debug */,
				9578E6122B9EC3EA00C0E127 /* Release */,
			);
			defaultConfigurationIsVisible = 0;
			defaultConfigurationName = Release;
		};
		9578E6132B9EC3EA00C0E127 /* Build configuration list for PBXNativeTarget "imagepickerUITests" */ = {
			isa = XCConfigurationList;
			buildConfigurations = (
				9578E6142B9EC3EA00C0E127 /* Debug */,
				9578E6152B9EC3EA00C0E127 /* Release */,
			);
			defaultConfigurationIsVisible = 0;
			defaultConfigurationName = Release;
		};
/* End XCConfigurationList section */
	};
	rootObject = 9578E5DB2B9EC3E700C0E127 /* Project object */;
}
